
Microsoft Visual Studio Solution File, Format Version 12.00
# Visual Studio 15
VisualStudioVersion = 15.0.27428.1
MinimumVisualStudioVersion = 10.0.40219.1
Project("{BBD0F5D1-1CC4-42FD-BA4C-A96779C64378}") = "HarmonyCore", "HarmonyCore\HarmonyCore.synproj", "{250C70BC-FB74-4F9E-B281-4C11126983B2}"
EndProject
Project("{BBD0F5D1-1CC4-42FD-BA4C-A96779C64378}") = "HarmonyCore.Test", "HarmonyCore.Test\HarmonyCore.Test.synproj", "{0EA95DC2-D70F-45C3-AA29-42AD98F245F4}"
EndProject
Project("{BBD0F5D1-1CC4-42FD-BA4C-A96779C64378}") = "HarmonyCore.Test.Repository", "HarmonyCore.Test.Repository\HarmonyCore.Test.Repository.synproj", "{53AA5B85-6883-416D-9B52-BF754BE2D168}"
EndProject
Project("{9A19103F-16F7-4668-BE54-9A1E7A4F7556}") = "HarmonyCoreEF", "HarmonyCoreEF\HarmonyCoreEF.csproj", "{44EF405F-6562-4542-AFF6-0E4DE1A7876B}"
EndProject
Project("{BBD0F5D1-1CC4-42FD-BA4C-A96779C64378}") = "TraditionalBridge", "TraditionalBridge\TraditionalBridge.synproj", "{E4BE1BB4-6303-4270-B81A-38E1C356B50A}"
EndProject
Project("{BBD0F5D1-1CC4-42FD-BA4C-A96779C64378}") = "TraditionalBridge.Test", "TraditionalBridge.Test\TraditionalBridge.Test.synproj", "{11F177F9-B8D9-431B-AA6D-887E3BD33B17}"
EndProject
Project("{BBD0F5D1-1CC4-42FD-BA4C-A96779C64378}") = "Harmony.AspNetCore", "Harmony.AspNetCore\Harmony.AspNetCore.synproj", "{03296A21-E11B-4DFA-85D4-A39E7BC6A737}"
EndProject
Project("{BBD0F5D1-1CC4-42FD-BA4C-A96779C64378}") = "HarmonyCore.NetFx", "HarmonyCore.NetFx\HarmonyCore.NetFx.synproj", "{A24B88BE-9576-43AF-8E28-A2C29216A083}"
EndProject
Project("{BBD0F5D1-1CC4-42FD-BA4C-A96779C64378}") = "HarmonyCore.Security", "HarmonyCore.Security\HarmonyCore.Security.synproj", "{34A92B99-E384-4C0E-B003-097B4FE04E61}"
EndProject
Project("{2150E333-8FDC-42A3-9474-1A3956D46DE8}") = "Templates", "Templates", "{3A316055-4B0B-442C-9FDB-846494C58E8D}"
	ProjectSection(SolutionItems) = preProject
		Templates\DataObject.tpl = Templates\DataObject.tpl
	EndProjectSection
EndProject
Global
	GlobalSection(SolutionConfigurationPlatforms) = preSolution
		Debug|Any CPU = Debug|Any CPU
		Debug|x64 = Debug|x64
		Debug|x86 = Debug|x86
		Release|Any CPU = Release|Any CPU
		Release|x64 = Release|x64
		Release|x86 = Release|x86
	EndGlobalSection
	GlobalSection(ProjectConfigurationPlatforms) = postSolution
		{250C70BC-FB74-4F9E-B281-4C11126983B2}.Debug|Any CPU.ActiveCfg = Debug|Any CPU
		{250C70BC-FB74-4F9E-B281-4C11126983B2}.Debug|Any CPU.Build.0 = Debug|Any CPU
		{250C70BC-FB74-4F9E-B281-4C11126983B2}.Debug|x64.ActiveCfg = Debug|x64
		{250C70BC-FB74-4F9E-B281-4C11126983B2}.Debug|x64.Build.0 = Debug|x64
		{250C70BC-FB74-4F9E-B281-4C11126983B2}.Debug|x86.ActiveCfg = Debug|x86
		{250C70BC-FB74-4F9E-B281-4C11126983B2}.Debug|x86.Build.0 = Debug|x86
		{250C70BC-FB74-4F9E-B281-4C11126983B2}.Release|Any CPU.ActiveCfg = Release|Any CPU
		{250C70BC-FB74-4F9E-B281-4C11126983B2}.Release|Any CPU.Build.0 = Release|Any CPU
		{250C70BC-FB74-4F9E-B281-4C11126983B2}.Release|x64.ActiveCfg = Release|x64
		{250C70BC-FB74-4F9E-B281-4C11126983B2}.Release|x64.Build.0 = Release|x64
		{250C70BC-FB74-4F9E-B281-4C11126983B2}.Release|x86.ActiveCfg = Release|x86
		{250C70BC-FB74-4F9E-B281-4C11126983B2}.Release|x86.Build.0 = Release|x86
		{0EA95DC2-D70F-45C3-AA29-42AD98F245F4}.Debug|Any CPU.ActiveCfg = Debug|Any CPU
		{0EA95DC2-D70F-45C3-AA29-42AD98F245F4}.Debug|Any CPU.Build.0 = Debug|Any CPU
		{0EA95DC2-D70F-45C3-AA29-42AD98F245F4}.Debug|x64.ActiveCfg = Debug|x64
		{0EA95DC2-D70F-45C3-AA29-42AD98F245F4}.Debug|x64.Build.0 = Debug|x64
		{0EA95DC2-D70F-45C3-AA29-42AD98F245F4}.Debug|x86.ActiveCfg = Debug|x86
		{0EA95DC2-D70F-45C3-AA29-42AD98F245F4}.Debug|x86.Build.0 = Debug|x86
		{0EA95DC2-D70F-45C3-AA29-42AD98F245F4}.Release|Any CPU.ActiveCfg = Release|Any CPU
		{0EA95DC2-D70F-45C3-AA29-42AD98F245F4}.Release|Any CPU.Build.0 = Release|Any CPU
		{0EA95DC2-D70F-45C3-AA29-42AD98F245F4}.Release|x64.ActiveCfg = Release|x64
		{0EA95DC2-D70F-45C3-AA29-42AD98F245F4}.Release|x64.Build.0 = Release|x64
		{0EA95DC2-D70F-45C3-AA29-42AD98F245F4}.Release|x86.ActiveCfg = Release|x86
		{0EA95DC2-D70F-45C3-AA29-42AD98F245F4}.Release|x86.Build.0 = Release|x86
		{53AA5B85-6883-416D-9B52-BF754BE2D168}.Debug|Any CPU.ActiveCfg = Debug|Any CPU
		{53AA5B85-6883-416D-9B52-BF754BE2D168}.Debug|Any CPU.Build.0 = Debug|Any CPU
		{53AA5B85-6883-416D-9B52-BF754BE2D168}.Debug|x64.ActiveCfg = Debug|Any CPU
		{53AA5B85-6883-416D-9B52-BF754BE2D168}.Debug|x64.Build.0 = Debug|Any CPU
		{53AA5B85-6883-416D-9B52-BF754BE2D168}.Debug|x86.ActiveCfg = Debug|Any CPU
		{53AA5B85-6883-416D-9B52-BF754BE2D168}.Debug|x86.Build.0 = Debug|Any CPU
		{53AA5B85-6883-416D-9B52-BF754BE2D168}.Release|Any CPU.ActiveCfg = Release|Any CPU
		{53AA5B85-6883-416D-9B52-BF754BE2D168}.Release|Any CPU.Build.0 = Release|Any CPU
		{53AA5B85-6883-416D-9B52-BF754BE2D168}.Release|x64.ActiveCfg = Release|Any CPU
		{53AA5B85-6883-416D-9B52-BF754BE2D168}.Release|x64.Build.0 = Release|Any CPU
		{53AA5B85-6883-416D-9B52-BF754BE2D168}.Release|x86.ActiveCfg = Release|Any CPU
		{53AA5B85-6883-416D-9B52-BF754BE2D168}.Release|x86.Build.0 = Release|Any CPU
		{44EF405F-6562-4542-AFF6-0E4DE1A7876B}.Debug|Any CPU.ActiveCfg = Debug|Any CPU
		{44EF405F-6562-4542-AFF6-0E4DE1A7876B}.Debug|Any CPU.Build.0 = Debug|Any CPU
		{44EF405F-6562-4542-AFF6-0E4DE1A7876B}.Debug|x64.ActiveCfg = Debug|Any CPU
		{44EF405F-6562-4542-AFF6-0E4DE1A7876B}.Debug|x64.Build.0 = Debug|Any CPU
		{44EF405F-6562-4542-AFF6-0E4DE1A7876B}.Debug|x86.ActiveCfg = Debug|Any CPU
		{44EF405F-6562-4542-AFF6-0E4DE1A7876B}.Debug|x86.Build.0 = Debug|Any CPU
		{44EF405F-6562-4542-AFF6-0E4DE1A7876B}.Release|Any CPU.ActiveCfg = Release|Any CPU
		{44EF405F-6562-4542-AFF6-0E4DE1A7876B}.Release|Any CPU.Build.0 = Release|Any CPU
		{44EF405F-6562-4542-AFF6-0E4DE1A7876B}.Release|x64.ActiveCfg = Release|Any CPU
		{44EF405F-6562-4542-AFF6-0E4DE1A7876B}.Release|x64.Build.0 = Release|Any CPU
		{44EF405F-6562-4542-AFF6-0E4DE1A7876B}.Release|x86.ActiveCfg = Release|Any CPU
		{44EF405F-6562-4542-AFF6-0E4DE1A7876B}.Release|x86.Build.0 = Release|Any CPU
		{E4BE1BB4-6303-4270-B81A-38E1C356B50A}.Debug|Any CPU.ActiveCfg = Debug|x86
		{E4BE1BB4-6303-4270-B81A-38E1C356B50A}.Debug|x64.ActiveCfg = Debug|x64
		{E4BE1BB4-6303-4270-B81A-38E1C356B50A}.Debug|x64.Build.0 = Debug|x64
		{E4BE1BB4-6303-4270-B81A-38E1C356B50A}.Debug|x86.ActiveCfg = Debug|x86
		{E4BE1BB4-6303-4270-B81A-38E1C356B50A}.Debug|x86.Build.0 = Debug|x86
		{E4BE1BB4-6303-4270-B81A-38E1C356B50A}.Release|Any CPU.ActiveCfg = Release|x86
		{E4BE1BB4-6303-4270-B81A-38E1C356B50A}.Release|x64.ActiveCfg = Release|x64
		{E4BE1BB4-6303-4270-B81A-38E1C356B50A}.Release|x64.Build.0 = Release|x64
		{E4BE1BB4-6303-4270-B81A-38E1C356B50A}.Release|x86.ActiveCfg = Release|x86
		{E4BE1BB4-6303-4270-B81A-38E1C356B50A}.Release|x86.Build.0 = Release|x86
		{11F177F9-B8D9-431B-AA6D-887E3BD33B17}.Debug|Any CPU.ActiveCfg = Debug|x86
		{11F177F9-B8D9-431B-AA6D-887E3BD33B17}.Debug|x64.ActiveCfg = Debug|x64
		{11F177F9-B8D9-431B-AA6D-887E3BD33B17}.Debug|x64.Build.0 = Debug|x64
		{11F177F9-B8D9-431B-AA6D-887E3BD33B17}.Debug|x86.ActiveCfg = Debug|x86
		{11F177F9-B8D9-431B-AA6D-887E3BD33B17}.Debug|x86.Build.0 = Debug|x86
		{11F177F9-B8D9-431B-AA6D-887E3BD33B17}.Release|Any CPU.ActiveCfg = Release|x86
		{11F177F9-B8D9-431B-AA6D-887E3BD33B17}.Release|x64.ActiveCfg = Release|x64
		{11F177F9-B8D9-431B-AA6D-887E3BD33B17}.Release|x64.Build.0 = Release|x64
		{11F177F9-B8D9-431B-AA6D-887E3BD33B17}.Release|x86.ActiveCfg = Release|x86
		{11F177F9-B8D9-431B-AA6D-887E3BD33B17}.Release|x86.Build.0 = Release|x86
		{03296A21-E11B-4DFA-85D4-A39E7BC6A737}.Debug|Any CPU.ActiveCfg = Debug|Any CPU
		{03296A21-E11B-4DFA-85D4-A39E7BC6A737}.Debug|Any CPU.Build.0 = Debug|Any CPU
		{03296A21-E11B-4DFA-85D4-A39E7BC6A737}.Debug|x64.ActiveCfg = Debug|Any CPU
		{03296A21-E11B-4DFA-85D4-A39E7BC6A737}.Debug|x64.Build.0 = Debug|Any CPU
		{03296A21-E11B-4DFA-85D4-A39E7BC6A737}.Debug|x86.ActiveCfg = Debug|Any CPU
		{03296A21-E11B-4DFA-85D4-A39E7BC6A737}.Debug|x86.Build.0 = Debug|Any CPU
		{03296A21-E11B-4DFA-85D4-A39E7BC6A737}.Release|Any CPU.ActiveCfg = Release|Any CPU
		{03296A21-E11B-4DFA-85D4-A39E7BC6A737}.Release|Any CPU.Build.0 = Release|Any CPU
		{03296A21-E11B-4DFA-85D4-A39E7BC6A737}.Release|x64.ActiveCfg = Release|Any CPU
		{03296A21-E11B-4DFA-85D4-A39E7BC6A737}.Release|x64.Build.0 = Release|Any CPU
		{03296A21-E11B-4DFA-85D4-A39E7BC6A737}.Release|x86.ActiveCfg = Release|Any CPU
		{03296A21-E11B-4DFA-85D4-A39E7BC6A737}.Release|x86.Build.0 = Release|Any CPU
		{A24B88BE-9576-43AF-8E28-A2C29216A083}.Debug|Any CPU.ActiveCfg = Debug|Any CPU
		{A24B88BE-9576-43AF-8E28-A2C29216A083}.Debug|Any CPU.Build.0 = Debug|Any CPU
		{A24B88BE-9576-43AF-8E28-A2C29216A083}.Debug|x64.ActiveCfg = Debug|Any CPU
		{A24B88BE-9576-43AF-8E28-A2C29216A083}.Debug|x64.Build.0 = Debug|Any CPU
		{A24B88BE-9576-43AF-8E28-A2C29216A083}.Debug|x86.ActiveCfg = Debug|Any CPU
		{A24B88BE-9576-43AF-8E28-A2C29216A083}.Debug|x86.Build.0 = Debug|Any CPU
		{A24B88BE-9576-43AF-8E28-A2C29216A083}.Release|Any CPU.ActiveCfg = Release|Any CPU
		{A24B88BE-9576-43AF-8E28-A2C29216A083}.Release|Any CPU.Build.0 = Release|Any CPU
		{A24B88BE-9576-43AF-8E28-A2C29216A083}.Release|x64.ActiveCfg = Release|Any CPU
		{A24B88BE-9576-43AF-8E28-A2C29216A083}.Release|x64.Build.0 = Release|Any CPU
		{A24B88BE-9576-43AF-8E28-A2C29216A083}.Release|x86.ActiveCfg = Release|Any CPU
		{A24B88BE-9576-43AF-8E28-A2C29216A083}.Release|x86.Build.0 = Release|Any CPU
		{34A92B99-E384-4C0E-B003-097B4FE04E61}.Debug|Any CPU.ActiveCfg = Debug|Any CPU
		{34A92B99-E384-4C0E-B003-097B4FE04E61}.Debug|Any CPU.Build.0 = Debug|Any CPU
		{34A92B99-E384-4C0E-B003-097B4FE04E61}.Debug|x64.ActiveCfg = Debug|Any CPU
		{34A92B99-E384-4C0E-B003-097B4FE04E61}.Debug|x64.Build.0 = Debug|Any CPU
		{34A92B99-E384-4C0E-B003-097B4FE04E61}.Debug|x86.ActiveCfg = Debug|Any CPU
		{34A92B99-E384-4C0E-B003-097B4FE04E61}.Debug|x86.Build.0 = Debug|Any CPU
		{34A92B99-E384-4C0E-B003-097B4FE04E61}.Release|Any CPU.ActiveCfg = Release|Any CPU
		{34A92B99-E384-4C0E-B003-097B4FE04E61}.Release|Any CPU.Build.0 = Release|Any CPU
		{34A92B99-E384-4C0E-B003-097B4FE04E61}.Release|x64.ActiveCfg = Release|Any CPU
		{34A92B99-E384-4C0E-B003-097B4FE04E61}.Release|x64.Build.0 = Release|Any CPU
		{34A92B99-E384-4C0E-B003-097B4FE04E61}.Release|x86.ActiveCfg = Release|Any CPU
		{34A92B99-E384-4C0E-B003-097B4FE04E61}.Release|x86.Build.0 = Release|Any CPU
	EndGlobalSection
	GlobalSection(SolutionProperties) = preSolution
		HideSolutionNode = FALSE
	EndGlobalSection
	GlobalSection(ExtensibilityGlobals) = postSolution
		SolutionGuid = {521EC2DF-FBE1-4295-A090-66B8CB009B0B}
	EndGlobalSection
EndGlobal
