
Microsoft Visual Studio Solution File, Format Version 12.00
# Visual Studio Version 16
VisualStudioVersion = 16.0.29306.81
MinimumVisualStudioVersion = 10.0.40219.1
Project("{BBD0F5D1-1CC4-42FD-BA4C-A96779C64378}") = "HarmonyCore", "HarmonyCore\HarmonyCore.synproj", "{250C70BC-FB74-4F9E-B281-4C11126983B2}"
EndProject
Project("{BBD0F5D1-1CC4-42FD-BA4C-A96779C64378}") = "HarmonyCore.Test.Repository", "HarmonyCore.Test.Repository\HarmonyCore.Test.Repository.synproj", "{53AA5B85-6883-416D-9B52-BF754BE2D168}"
EndProject
Project("{9A19103F-16F7-4668-BE54-9A1E7A4F7556}") = "HarmonyCoreEF", "HarmonyCoreEF\HarmonyCoreEF.csproj", "{44EF405F-6562-4542-AFF6-0E4DE1A7876B}"
EndProject
Project("{BBD0F5D1-1CC4-42FD-BA4C-A96779C64378}") = "TraditionalBridge", "TraditionalBridge\TraditionalBridge.synproj", "{E4BE1BB4-6303-4270-B81A-38E1C356B50A}"
EndProject
Project("{BBD0F5D1-1CC4-42FD-BA4C-A96779C64378}") = "TraditionalBridge.Test", "TraditionalBridge.Test\TraditionalBridge.Test.synproj", "{11F177F9-B8D9-431B-AA6D-887E3BD33B17}"
EndProject
Project("{BBD0F5D1-1CC4-42FD-BA4C-A96779C64378}") = "Harmony.AspNetCore", "Harmony.AspNetCore\Harmony.AspNetCore.synproj", "{03296A21-E11B-4DFA-85D4-A39E7BC6A737}"
EndProject
Project("{2150E333-8FDC-42A3-9474-1A3956D46DE8}") = "Templates", "Templates", "{3A316055-4B0B-442C-9FDB-846494C58E8D}"
	ProjectSection(SolutionItems) = preProject
		Templates\HarmonyCoreCustomization.json = Templates\HarmonyCoreCustomization.json
		Templates\ODataClientModel.tpl = Templates\ODataClientModel.tpl
		Templates\ODataController.tpl = Templates\ODataController.tpl
		Templates\ODataControllerPropertyEndpoints.tpl = Templates\ODataControllerPropertyEndpoints.tpl
		Templates\ODataCustomAuthController.tpl = Templates\ODataCustomAuthController.tpl
		Templates\ODataCustomAuthModels.tpl = Templates\ODataCustomAuthModels.tpl
		Templates\ODataCustomAuthTools.tpl = Templates\ODataCustomAuthTools.tpl
		Templates\ODataDbContext.tpl = Templates\ODataDbContext.tpl
		Templates\ODataEdmBuilder.tpl = Templates\ODataEdmBuilder.tpl
		Templates\ODataMetaData.tpl = Templates\ODataMetaData.tpl
		Templates\ODataModel.tpl = Templates\ODataModel.tpl
		Templates\ODataPostManTests.tpl = Templates\ODataPostManTests.tpl
		Templates\ODataSelfHost.tpl = Templates\ODataSelfHost.tpl
		Templates\ODataSelfHostEnvironment.tpl = Templates\ODataSelfHostEnvironment.tpl
		Templates\ODataStartup.tpl = Templates\ODataStartup.tpl
		Templates\ODataTestConstantsProperties.tpl = Templates\ODataTestConstantsProperties.tpl
		Templates\ODataTestConstantsValues.tpl = Templates\ODataTestConstantsValues.tpl
		Templates\ODataTestDataLoader.tpl = Templates\ODataTestDataLoader.tpl
		Templates\ODataUnitTestEnvironment.tpl = Templates\ODataUnitTestEnvironment.tpl
		Templates\ODataUnitTestHost.tpl = Templates\ODataUnitTestHost.tpl
		Templates\ODataUnitTests.tpl = Templates\ODataUnitTests.tpl
	EndProjectSection
EndProject
Project("{BBD0F5D1-1CC4-42FD-BA4C-A96779C64378}") = "Services", "Services\Services.synproj", "{24A1BBFD-2660-41E1-A4FC-90B7A13A4911}"
EndProject
Project("{2150E333-8FDC-42A3-9474-1A3956D46DE8}") = "Solution Items", "Solution Items", "{ECDB0DFD-8865-4EEE-8256-025E04896880}"
	ProjectSection(SolutionItems) = preProject
		.gitignore = .gitignore
		Example Queries.odata = Example Queries.odata
		ExampleJsonResponse.txt = ExampleJsonResponse.txt
		MakeLinuxDistro.bat = MakeLinuxDistro.bat
		MakeWindowsDistro.bat = MakeWindowsDistro.bat
		Services\PostManTests.postman_collection.json = Services\PostManTests.postman_collection.json
		regen.bat = regen.bat
		..\HarmonyCore\UserDefinedTokens.tkn = ..\HarmonyCore\UserDefinedTokens.tkn
	EndProjectSection
EndProject
Project("{BBD0F5D1-1CC4-42FD-BA4C-A96779C64378}") = "Services.Test", "Services.Test\Services.Test.synproj", "{0B8D5276-8628-42D9-848E-421C0A0D81DF}"
EndProject
Project("{2150E333-8FDC-42A3-9474-1A3956D46DE8}") = "SampleData", "SampleData", "{9977F09E-C08B-4E4C-900A-B06D532469AF}"
	ProjectSection(SolutionItems) = preProject
		SampleData\customer_notes.txt = SampleData\customer_notes.txt
		SampleData\customer_notes.xdl = SampleData\customer_notes.xdl
		SampleData\customers.txt = SampleData\customers.txt
		SampleData\customers.xdl = SampleData\customers.xdl
		SampleData\items.txt = SampleData\items.txt
		SampleData\items.xdl = SampleData\items.xdl
		SampleData\order_items.txt = SampleData\order_items.txt
		SampleData\order_items.xdl = SampleData\order_items.xdl
		SampleData\order_items_overlay.txt = SampleData\order_items_overlay.txt
		SampleData\order_items_overlay.xdl = SampleData\order_items_overlay.xdl
		SampleData\orders.txt = SampleData\orders.txt
		Services.Test\SampleData\orders.xdl = Services.Test\SampleData\orders.xdl
		SampleData\sysparams.txt = SampleData\sysparams.txt
		..\SampleData\test.txt = ..\SampleData\test.txt
		SampleData\test.xdl = SampleData\test.xdl
		SampleData\vendors.txt = SampleData\vendors.txt
		SampleData\vendors.xdl = SampleData\vendors.xdl
	EndProjectSection
EndProject
Project("{2150E333-8FDC-42A3-9474-1A3956D46DE8}") = "TraditionalBridge", "TraditionalBridge", "{FFE25C8B-6378-47D6-ABEC-74FF9064AD95}"
	ProjectSection(SolutionItems) = preProject
		Templates\TraditionalBridge\GlobalStructures.tpl = Templates\TraditionalBridge\GlobalStructures.tpl
		Templates\TraditionalBridge\InterfaceController.tpl = Templates\TraditionalBridge\InterfaceController.tpl
		Templates\TraditionalBridge\InterfaceDispatcher.tpl = Templates\TraditionalBridge\InterfaceDispatcher.tpl
		Templates\TraditionalBridge\InterfaceDispatcherCustom.tpl = Templates\TraditionalBridge\InterfaceDispatcherCustom.tpl
		Templates\TraditionalBridge\InterfaceMethodDispatchers.tpl = Templates\TraditionalBridge\InterfaceMethodDispatchers.tpl
		Templates\TraditionalBridge\InterfacePostmanTests.tpl = Templates\TraditionalBridge\InterfacePostmanTests.tpl
		Templates\TraditionalBridge\InterfaceService.tpl = Templates\TraditionalBridge\InterfaceService.tpl
		Templates\TraditionalBridge\InterfaceServiceModels.tpl = Templates\TraditionalBridge\InterfaceServiceModels.tpl
		Templates\TraditionalBridge\InterfaceTestResponses.tpl = Templates\TraditionalBridge\InterfaceTestResponses.tpl
		Templates\TraditionalBridge\MultiInterfaceServiceModels.tpl = Templates\TraditionalBridge\MultiInterfaceServiceModels.tpl
		Templates\TraditionalBridge\ODataActionModels.tpl = Templates\TraditionalBridge\ODataActionModels.tpl
		HarmonyCore\Templates\TraditionalBridge\ODataMetaData.tpl = HarmonyCore\Templates\TraditionalBridge\ODataMetaData.tpl
		Templates\TraditionalBridge\ODataModel.tpl = Templates\TraditionalBridge\ODataModel.tpl
		Templates\TraditionalBridge\OptionalParameterMethodDispatchers.tpl = Templates\TraditionalBridge\OptionalParameterMethodDispatchers.tpl
		Templates\TraditionalBridge\TraditionalMetaData.tpl = Templates\TraditionalBridge\TraditionalMetaData.tpl
		Templates\TraditionalBridge\TraditionalModel.tpl = Templates\TraditionalBridge\TraditionalModel.tpl
	EndProjectSection
EndProject
Project("{BBD0F5D1-1CC4-42FD-BA4C-A96779C64378}") = "XfplEnvironment", "XfplEnvironment\XfplEnvironment.synproj", "{FCF497B3-DE91-4C1E-8E7F-BE4151CC8119}"
EndProject
Project("{2150E333-8FDC-42A3-9474-1A3956D46DE8}") = "Documentation", "Documentation", "{23E9E063-53D3-4618-BD7A-FAFB67256B61}"
	ProjectSection(SolutionItems) = preProject
		Documentation\Contexts.md = Documentation\Contexts.md
		Documentation\Converters.md = Documentation\Converters.md
		Documentation\DataObject.md = Documentation\DataObject.md
		Documentation\DependencyInjection.md = Documentation\DependencyInjection.md
		Documentation\DynamicCallProtocol.md = Documentation\DynamicCallProtocol.md
		Documentation\EntityFramework.md = Documentation\EntityFramework.md
		Documentation\FileIO.md = Documentation\FileIO.md
		Documentation\Logging.md = Documentation\Logging.md
		Documentation\OptimisticConcurrency.md = Documentation\OptimisticConcurrency.md
		Documentation\Overview.md = Documentation\Overview.md
	EndProjectSection
EndProject
Project("{2150E333-8FDC-42A3-9474-1A3956D46DE8}") = "QuickStart", "QuickStart", "{3D5AEC0B-FA56-4442-999A-9EEE9934B671}"
	ProjectSection(SolutionItems) = preProject
		Documentation\QuickStart\CustomFileIO.md = Documentation\QuickStart\CustomFileIO.md
		Documentation\QuickStart\EFCoreForTransactions.md = Documentation\QuickStart\EFCoreForTransactions.md
		Documentation\QuickStart\ODataWithIsolatedLogic.md = Documentation\QuickStart\ODataWithIsolatedLogic.md
		Documentation\QuickStart\ODataWithTraditionalSynergyLogic.md = Documentation\QuickStart\ODataWithTraditionalSynergyLogic.md
		Documentation\QuickStart\ODataWithXfServer.md = Documentation\QuickStart\ODataWithXfServer.md
		Documentation\QuickStart\SimpleOData.md = Documentation\QuickStart\SimpleOData.md
	EndProjectSection
EndProject
Project("{2150E333-8FDC-42A3-9474-1A3956D46DE8}") = "Reference", "Reference", "{0C03E3B8-3A2D-4BE1-BB14-1D09B4FA1C82}"
	ProjectSection(SolutionItems) = preProject
		Documentation\Reference\FreeThreadedContextPool.md = Documentation\Reference\FreeThreadedContextPool.md
		Documentation\Reference\IContextBase.md = Documentation\Reference\IContextBase.md
		Documentation\Reference\IFileChannelManager.md = Documentation\Reference\IFileChannelManager.md
		Documentation\Reference\ThreadedContextPool.md = Documentation\Reference\ThreadedContextPool.md
	EndProjectSection
EndProject
Project("{BBD0F5D1-1CC4-42FD-BA4C-A96779C64378}") = "Harmony.OData", "Harmony.OData\Harmony.OData.synproj", "{C61511BF-363B-4992-BAE0-006655A1D84D}"
EndProject
Project("{9A19103F-16F7-4668-BE54-9A1E7A4F7556}") = "IdentityServer", "IdentityServer\IdentityServer.csproj", "{8426B119-93FB-49DA-BA0D-38D5B4852495}"
EndProject
Project("{BBD0F5D1-1CC4-42FD-BA4C-A96779C64378}") = "Services.Models", "Services.Models\Services.Models.synproj", "{7A6C7334-5D18-447B-A600-5B927839989E}"
EndProject
Project("{BBD0F5D1-1CC4-42FD-BA4C-A96779C64378}") = "Services.Controllers", "Services.Controllers\Services.Controllers.synproj", "{CEDCEFA7-0915-4625-9B55-22962888527D}"
EndProject
Project("{BBD0F5D1-1CC4-42FD-BA4C-A96779C64378}") = "Services.Isolated", "Services.Isolated\Services.Isolated.synproj", "{B3082036-E406-4B61-831A-10D3E7D36F9F}"
EndProject
Project("{BBD0F5D1-1CC4-42FD-BA4C-A96779C64378}") = "HarmonyCore.NetCore", "HarmonyCore.NetCore\HarmonyCore.NetCore.synproj", "{1367DF4B-1815-4DA3-8A47-C9E7A848AF25}"
EndProject
Project("{BBD0F5D1-1CC4-42FD-BA4C-A96779C64378}") = "DataGenerator", "DataGenerator\DataGenerator.synproj", "{31402E98-CBE1-4F08-B7CE-91C296C6C0CF}"
EndProject
Project("{BBD0F5D1-1CC4-42FD-BA4C-A96779C64378}") = "HarmonyCore.Test", "HarmonyCore.Test\HarmonyCore.Test.synproj", "{4E4BB0A5-5FCD-4CBB-89E7-678B7A66B490}"
EndProject
Project("{9A19103F-16F7-4668-BE54-9A1E7A4F7556}") = "SSHTransfer", "SSHTransfer\SSHTransfer.csproj", "{8042EE21-1217-41F6-ABD3-A9B10448ECDB}"
EndProject
Project("{BBD0F5D1-1CC4-42FD-BA4C-A96779C64378}") = "Services.Host", "Services.Host\Services.Host.synproj", "{A4087F94-430C-4781-8AB3-0983DDFC6C90}"
EndProject
Project("{2150E333-8FDC-42A3-9474-1A3956D46DE8}") = "SignalR", "SignalR", "{45C17364-7208-4729-B2F2-4866CD62F1BD}"
	ProjectSection(SolutionItems) = preProject
		Templates\SignalR\SignalRHub.tpl = Templates\SignalR\SignalRHub.tpl
	EndProjectSection
EndProject
Project("{BBD0F5D1-1CC4-42FD-BA4C-A96779C64378}") = "TraditionalBridge.TestClient", "TraditionalBridge.TestClient\TraditionalBridge.TestClient.synproj", "{32370B0D-1522-4C95-A265-155E92C64705}"
EndProject
Project("{BBD0F5D1-1CC4-42FD-BA4C-A96779C64378}") = "TraditionalBridge.Models", "TraditionalBridge.Models\TraditionalBridge.Models.synproj", "{4ED2577E-4EAE-403D-BECE-EAD1C9B9FE87}"
EndProject
Project("{9A19103F-16F7-4668-BE54-9A1E7A4F7556}") = "HarmonyCore.CliTool", "HarmonyCore.CliTool\HarmonyCore.CliTool.csproj", "{6350E7DB-6C99-498B-8A3D-677CEEC7FE1E}"
EndProject
Project("{2150E333-8FDC-42A3-9474-1A3956D46DE8}") = "TemplatesStandaloneEf", "TemplatesStandaloneEf", "{EAA218EA-F55F-4187-B0A4-B803B3D3AC7F}"
	ProjectSection(SolutionItems) = preProject
		TemplatesStandaloneEf\EfProviderConfig.tpl = TemplatesStandaloneEf\EfProviderConfig.tpl
		TemplatesStandaloneEf\EfProviderDbContext.tpl = TemplatesStandaloneEf\EfProviderDbContext.tpl
		TemplatesStandaloneEf\EfProviderMetaData.tpl = TemplatesStandaloneEf\EfProviderMetaData.tpl
		TemplatesStandaloneEf\EfProviderModel.tpl = TemplatesStandaloneEf\EfProviderModel.tpl
	EndProjectSection
EndProject
Project("{2150E333-8FDC-42A3-9474-1A3956D46DE8}") = "ReactRedux", "ReactRedux", "{2D9A8574-2C5A-4D95-AAED-1266845B46ED}"
	ProjectSection(SolutionItems) = preProject
		TraditionalBridge.Models\Templates\ReactRedux\ODataReactAPI.tpl = TraditionalBridge.Models\Templates\ReactRedux\ODataReactAPI.tpl
	EndProjectSection
EndProject
Project("{9A19103F-16F7-4668-BE54-9A1E7A4F7556}") = "Services.Test.CS", "Services.Test.CS\Services.Test.CS.csproj", "{1BAF0501-F413-4A61-A0D6-C77AD42E93D4}"
EndProject
Project("{9A19103F-16F7-4668-BE54-9A1E7A4F7556}") = "HarmonyCoreCodeGenGUI", "HarmonyCoreCodeGenGUI\HarmonyCoreCodeGenGUI.csproj", "{E6E851FA-17DC-419D-825C-EB4B6AAA9E07}"
EndProject
Project("{BBD0F5D1-1CC4-42FD-BA4C-A96779C64378}") = "TraditionalBridge.UnitTest", "TraditionalBridge.UnitTest\TraditionalBridge.UnitTest.synproj", "{41141F54-363A-4A18-A24B-A47C937C6A7E}"
EndProject
Global
	GlobalSection(SolutionConfigurationPlatforms) = preSolution
		Debug|Any CPU = Debug|Any CPU
		Debug|linux64 = Debug|linux64
		Debug|x64 = Debug|x64
		Debug|x86 = Debug|x86
		Release|Any CPU = Release|Any CPU
		Release|linux64 = Release|linux64
		Release|x64 = Release|x64
		Release|x86 = Release|x86
		ReleaseNuget|Any CPU = ReleaseNuget|Any CPU
		ReleaseNuget|linux64 = ReleaseNuget|linux64
		ReleaseNuget|x64 = ReleaseNuget|x64
		ReleaseNuget|x86 = ReleaseNuget|x86
	EndGlobalSection
	GlobalSection(ProjectConfigurationPlatforms) = postSolution
		{250C70BC-FB74-4F9E-B281-4C11126983B2}.Debug|Any CPU.ActiveCfg = Debug|Any CPU
		{250C70BC-FB74-4F9E-B281-4C11126983B2}.Debug|Any CPU.Build.0 = Debug|Any CPU
		{250C70BC-FB74-4F9E-B281-4C11126983B2}.Debug|linux64.ActiveCfg = Debug|Any CPU
		{250C70BC-FB74-4F9E-B281-4C11126983B2}.Debug|linux64.Build.0 = Debug|Any CPU
		{250C70BC-FB74-4F9E-B281-4C11126983B2}.Debug|x64.ActiveCfg = Debug|Any CPU
		{250C70BC-FB74-4F9E-B281-4C11126983B2}.Debug|x64.Build.0 = Debug|Any CPU
		{250C70BC-FB74-4F9E-B281-4C11126983B2}.Debug|x86.ActiveCfg = Debug|Any CPU
		{250C70BC-FB74-4F9E-B281-4C11126983B2}.Debug|x86.Build.0 = Debug|Any CPU
		{250C70BC-FB74-4F9E-B281-4C11126983B2}.Release|Any CPU.ActiveCfg = Release|Any CPU
		{250C70BC-FB74-4F9E-B281-4C11126983B2}.Release|Any CPU.Build.0 = Release|Any CPU
		{250C70BC-FB74-4F9E-B281-4C11126983B2}.Release|linux64.ActiveCfg = Release|Any CPU
		{250C70BC-FB74-4F9E-B281-4C11126983B2}.Release|linux64.Build.0 = Release|Any CPU
		{250C70BC-FB74-4F9E-B281-4C11126983B2}.Release|x64.ActiveCfg = Release|Any CPU
		{250C70BC-FB74-4F9E-B281-4C11126983B2}.Release|x64.Build.0 = Release|Any CPU
		{250C70BC-FB74-4F9E-B281-4C11126983B2}.Release|x86.ActiveCfg = Release|Any CPU
		{250C70BC-FB74-4F9E-B281-4C11126983B2}.Release|x86.Build.0 = Release|Any CPU
		{250C70BC-FB74-4F9E-B281-4C11126983B2}.ReleaseNuget|Any CPU.ActiveCfg = ReleaseNuget|Any CPU
		{250C70BC-FB74-4F9E-B281-4C11126983B2}.ReleaseNuget|Any CPU.Build.0 = ReleaseNuget|Any CPU
		{250C70BC-FB74-4F9E-B281-4C11126983B2}.ReleaseNuget|linux64.ActiveCfg = ReleaseNuget|Any CPU
		{250C70BC-FB74-4F9E-B281-4C11126983B2}.ReleaseNuget|linux64.Build.0 = ReleaseNuget|Any CPU
		{250C70BC-FB74-4F9E-B281-4C11126983B2}.ReleaseNuget|x64.ActiveCfg = ReleaseNuget|Any CPU
		{250C70BC-FB74-4F9E-B281-4C11126983B2}.ReleaseNuget|x64.Build.0 = ReleaseNuget|Any CPU
		{250C70BC-FB74-4F9E-B281-4C11126983B2}.ReleaseNuget|x86.ActiveCfg = ReleaseNuget|Any CPU
		{250C70BC-FB74-4F9E-B281-4C11126983B2}.ReleaseNuget|x86.Build.0 = ReleaseNuget|Any CPU
		{53AA5B85-6883-416D-9B52-BF754BE2D168}.Debug|Any CPU.ActiveCfg = Debug|Any CPU
		{53AA5B85-6883-416D-9B52-BF754BE2D168}.Debug|Any CPU.Build.0 = Debug|Any CPU
		{53AA5B85-6883-416D-9B52-BF754BE2D168}.Debug|linux64.ActiveCfg = Debug|Any CPU
		{53AA5B85-6883-416D-9B52-BF754BE2D168}.Debug|linux64.Build.0 = Debug|Any CPU
		{53AA5B85-6883-416D-9B52-BF754BE2D168}.Debug|x64.ActiveCfg = Debug|Any CPU
		{53AA5B85-6883-416D-9B52-BF754BE2D168}.Debug|x64.Build.0 = Debug|Any CPU
		{53AA5B85-6883-416D-9B52-BF754BE2D168}.Debug|x86.ActiveCfg = Debug|Any CPU
		{53AA5B85-6883-416D-9B52-BF754BE2D168}.Debug|x86.Build.0 = Debug|Any CPU
		{53AA5B85-6883-416D-9B52-BF754BE2D168}.Release|Any CPU.ActiveCfg = Release|Any CPU
		{53AA5B85-6883-416D-9B52-BF754BE2D168}.Release|Any CPU.Build.0 = Release|Any CPU
		{53AA5B85-6883-416D-9B52-BF754BE2D168}.Release|linux64.ActiveCfg = Release|Any CPU
		{53AA5B85-6883-416D-9B52-BF754BE2D168}.Release|linux64.Build.0 = Release|Any CPU
		{53AA5B85-6883-416D-9B52-BF754BE2D168}.Release|x64.ActiveCfg = Debug|Any CPU
		{53AA5B85-6883-416D-9B52-BF754BE2D168}.Release|x64.Build.0 = Debug|Any CPU
		{53AA5B85-6883-416D-9B52-BF754BE2D168}.Release|x86.ActiveCfg = Release|Any CPU
		{53AA5B85-6883-416D-9B52-BF754BE2D168}.Release|x86.Build.0 = Release|Any CPU
		{53AA5B85-6883-416D-9B52-BF754BE2D168}.ReleaseNuget|Any CPU.ActiveCfg = Release|Any CPU
		{53AA5B85-6883-416D-9B52-BF754BE2D168}.ReleaseNuget|Any CPU.Build.0 = Release|Any CPU
		{53AA5B85-6883-416D-9B52-BF754BE2D168}.ReleaseNuget|linux64.ActiveCfg = Release|Any CPU
		{53AA5B85-6883-416D-9B52-BF754BE2D168}.ReleaseNuget|linux64.Build.0 = Release|Any CPU
		{53AA5B85-6883-416D-9B52-BF754BE2D168}.ReleaseNuget|x64.ActiveCfg = Release|Any CPU
		{53AA5B85-6883-416D-9B52-BF754BE2D168}.ReleaseNuget|x64.Build.0 = Release|Any CPU
		{53AA5B85-6883-416D-9B52-BF754BE2D168}.ReleaseNuget|x86.ActiveCfg = Release|Any CPU
		{53AA5B85-6883-416D-9B52-BF754BE2D168}.ReleaseNuget|x86.Build.0 = Release|Any CPU
		{44EF405F-6562-4542-AFF6-0E4DE1A7876B}.Debug|Any CPU.ActiveCfg = Debug|Any CPU
		{44EF405F-6562-4542-AFF6-0E4DE1A7876B}.Debug|Any CPU.Build.0 = Debug|Any CPU
		{44EF405F-6562-4542-AFF6-0E4DE1A7876B}.Debug|linux64.ActiveCfg = Debug|Any CPU
		{44EF405F-6562-4542-AFF6-0E4DE1A7876B}.Debug|linux64.Build.0 = Debug|Any CPU
		{44EF405F-6562-4542-AFF6-0E4DE1A7876B}.Debug|x64.ActiveCfg = Debug|Any CPU
		{44EF405F-6562-4542-AFF6-0E4DE1A7876B}.Debug|x64.Build.0 = Debug|Any CPU
		{44EF405F-6562-4542-AFF6-0E4DE1A7876B}.Debug|x86.ActiveCfg = Debug|Any CPU
		{44EF405F-6562-4542-AFF6-0E4DE1A7876B}.Debug|x86.Build.0 = Debug|Any CPU
		{44EF405F-6562-4542-AFF6-0E4DE1A7876B}.Release|Any CPU.ActiveCfg = Release|Any CPU
		{44EF405F-6562-4542-AFF6-0E4DE1A7876B}.Release|Any CPU.Build.0 = Release|Any CPU
		{44EF405F-6562-4542-AFF6-0E4DE1A7876B}.Release|linux64.ActiveCfg = Release|Any CPU
		{44EF405F-6562-4542-AFF6-0E4DE1A7876B}.Release|linux64.Build.0 = Release|Any CPU
		{44EF405F-6562-4542-AFF6-0E4DE1A7876B}.Release|x64.ActiveCfg = Release|Any CPU
		{44EF405F-6562-4542-AFF6-0E4DE1A7876B}.Release|x64.Build.0 = Release|Any CPU
		{44EF405F-6562-4542-AFF6-0E4DE1A7876B}.Release|x86.ActiveCfg = Release|Any CPU
		{44EF405F-6562-4542-AFF6-0E4DE1A7876B}.Release|x86.Build.0 = Release|Any CPU
		{44EF405F-6562-4542-AFF6-0E4DE1A7876B}.ReleaseNuget|Any CPU.ActiveCfg = ReleaseNuget|Any CPU
		{44EF405F-6562-4542-AFF6-0E4DE1A7876B}.ReleaseNuget|Any CPU.Build.0 = ReleaseNuget|Any CPU
		{44EF405F-6562-4542-AFF6-0E4DE1A7876B}.ReleaseNuget|linux64.ActiveCfg = ReleaseNuget|Any CPU
		{44EF405F-6562-4542-AFF6-0E4DE1A7876B}.ReleaseNuget|linux64.Build.0 = ReleaseNuget|Any CPU
		{44EF405F-6562-4542-AFF6-0E4DE1A7876B}.ReleaseNuget|x64.ActiveCfg = ReleaseNuget|Any CPU
		{44EF405F-6562-4542-AFF6-0E4DE1A7876B}.ReleaseNuget|x64.Build.0 = ReleaseNuget|Any CPU
		{44EF405F-6562-4542-AFF6-0E4DE1A7876B}.ReleaseNuget|x86.ActiveCfg = ReleaseNuget|Any CPU
		{44EF405F-6562-4542-AFF6-0E4DE1A7876B}.ReleaseNuget|x86.Build.0 = ReleaseNuget|Any CPU
		{E4BE1BB4-6303-4270-B81A-38E1C356B50A}.Debug|Any CPU.ActiveCfg = Debug|x64
		{E4BE1BB4-6303-4270-B81A-38E1C356B50A}.Debug|Any CPU.Build.0 = Debug|x64
		{E4BE1BB4-6303-4270-B81A-38E1C356B50A}.Debug|linux64.ActiveCfg = Debug|linux64
		{E4BE1BB4-6303-4270-B81A-38E1C356B50A}.Debug|linux64.Build.0 = Debug|linux64
		{E4BE1BB4-6303-4270-B81A-38E1C356B50A}.Debug|x64.ActiveCfg = Debug|x64
		{E4BE1BB4-6303-4270-B81A-38E1C356B50A}.Debug|x64.Build.0 = Debug|x64
		{E4BE1BB4-6303-4270-B81A-38E1C356B50A}.Debug|x86.ActiveCfg = Debug|x86
		{E4BE1BB4-6303-4270-B81A-38E1C356B50A}.Debug|x86.Build.0 = Debug|x86
		{E4BE1BB4-6303-4270-B81A-38E1C356B50A}.Release|Any CPU.ActiveCfg = Release|x86
		{E4BE1BB4-6303-4270-B81A-38E1C356B50A}.Release|linux64.ActiveCfg = Release|linux64
		{E4BE1BB4-6303-4270-B81A-38E1C356B50A}.Release|linux64.Build.0 = Release|linux64
		{E4BE1BB4-6303-4270-B81A-38E1C356B50A}.Release|x64.ActiveCfg = Release|x64
		{E4BE1BB4-6303-4270-B81A-38E1C356B50A}.Release|x64.Build.0 = Release|x64
		{E4BE1BB4-6303-4270-B81A-38E1C356B50A}.Release|x86.ActiveCfg = Release|x86
		{E4BE1BB4-6303-4270-B81A-38E1C356B50A}.Release|x86.Build.0 = Release|x86
		{E4BE1BB4-6303-4270-B81A-38E1C356B50A}.ReleaseNuget|Any CPU.ActiveCfg = ReleaseNuget|x86
		{E4BE1BB4-6303-4270-B81A-38E1C356B50A}.ReleaseNuget|linux64.ActiveCfg = ReleaseNuget|x86
		{E4BE1BB4-6303-4270-B81A-38E1C356B50A}.ReleaseNuget|x64.ActiveCfg = ReleaseNuget|x64
		{E4BE1BB4-6303-4270-B81A-38E1C356B50A}.ReleaseNuget|x86.ActiveCfg = ReleaseNuget|x86
		{11F177F9-B8D9-431B-AA6D-887E3BD33B17}.Debug|Any CPU.ActiveCfg = Debug|x64
		{11F177F9-B8D9-431B-AA6D-887E3BD33B17}.Debug|Any CPU.Build.0 = Debug|x64
		{11F177F9-B8D9-431B-AA6D-887E3BD33B17}.Debug|linux64.ActiveCfg = Debug|linux64
		{11F177F9-B8D9-431B-AA6D-887E3BD33B17}.Debug|linux64.Build.0 = Debug|linux64
		{11F177F9-B8D9-431B-AA6D-887E3BD33B17}.Debug|x64.ActiveCfg = Debug|x64
		{11F177F9-B8D9-431B-AA6D-887E3BD33B17}.Debug|x64.Build.0 = Debug|x64
		{11F177F9-B8D9-431B-AA6D-887E3BD33B17}.Debug|x86.ActiveCfg = Debug|x86
		{11F177F9-B8D9-431B-AA6D-887E3BD33B17}.Debug|x86.Build.0 = Debug|x86
		{11F177F9-B8D9-431B-AA6D-887E3BD33B17}.Release|Any CPU.ActiveCfg = Release|x86
		{11F177F9-B8D9-431B-AA6D-887E3BD33B17}.Release|linux64.ActiveCfg = Release|linux64
		{11F177F9-B8D9-431B-AA6D-887E3BD33B17}.Release|linux64.Build.0 = Release|linux64
		{11F177F9-B8D9-431B-AA6D-887E3BD33B17}.Release|x64.ActiveCfg = Release|x64
		{11F177F9-B8D9-431B-AA6D-887E3BD33B17}.Release|x64.Build.0 = Release|x64
		{11F177F9-B8D9-431B-AA6D-887E3BD33B17}.Release|x86.ActiveCfg = Release|x86
		{11F177F9-B8D9-431B-AA6D-887E3BD33B17}.Release|x86.Build.0 = Release|x86
		{11F177F9-B8D9-431B-AA6D-887E3BD33B17}.ReleaseNuget|Any CPU.ActiveCfg = ReleaseNuget|x86
		{11F177F9-B8D9-431B-AA6D-887E3BD33B17}.ReleaseNuget|linux64.ActiveCfg = ReleaseNuget|x86
		{11F177F9-B8D9-431B-AA6D-887E3BD33B17}.ReleaseNuget|x64.ActiveCfg = ReleaseNuget|x64
		{11F177F9-B8D9-431B-AA6D-887E3BD33B17}.ReleaseNuget|x86.ActiveCfg = ReleaseNuget|x86
		{03296A21-E11B-4DFA-85D4-A39E7BC6A737}.Debug|Any CPU.ActiveCfg = Debug|Any CPU
		{03296A21-E11B-4DFA-85D4-A39E7BC6A737}.Debug|Any CPU.Build.0 = Debug|Any CPU
		{03296A21-E11B-4DFA-85D4-A39E7BC6A737}.Debug|linux64.ActiveCfg = Debug|Any CPU
		{03296A21-E11B-4DFA-85D4-A39E7BC6A737}.Debug|linux64.Build.0 = Debug|Any CPU
		{03296A21-E11B-4DFA-85D4-A39E7BC6A737}.Debug|x64.ActiveCfg = Debug|Any CPU
		{03296A21-E11B-4DFA-85D4-A39E7BC6A737}.Debug|x64.Build.0 = Debug|Any CPU
		{03296A21-E11B-4DFA-85D4-A39E7BC6A737}.Debug|x86.ActiveCfg = Debug|Any CPU
		{03296A21-E11B-4DFA-85D4-A39E7BC6A737}.Debug|x86.Build.0 = Debug|Any CPU
		{03296A21-E11B-4DFA-85D4-A39E7BC6A737}.Release|Any CPU.ActiveCfg = Release|Any CPU
		{03296A21-E11B-4DFA-85D4-A39E7BC6A737}.Release|Any CPU.Build.0 = Release|Any CPU
		{03296A21-E11B-4DFA-85D4-A39E7BC6A737}.Release|linux64.ActiveCfg = Release|Any CPU
		{03296A21-E11B-4DFA-85D4-A39E7BC6A737}.Release|linux64.Build.0 = Release|Any CPU
		{03296A21-E11B-4DFA-85D4-A39E7BC6A737}.Release|x64.ActiveCfg = Release|Any CPU
		{03296A21-E11B-4DFA-85D4-A39E7BC6A737}.Release|x64.Build.0 = Release|Any CPU
		{03296A21-E11B-4DFA-85D4-A39E7BC6A737}.Release|x86.ActiveCfg = Release|Any CPU
		{03296A21-E11B-4DFA-85D4-A39E7BC6A737}.Release|x86.Build.0 = Release|Any CPU
		{03296A21-E11B-4DFA-85D4-A39E7BC6A737}.ReleaseNuget|Any CPU.ActiveCfg = ReleaseNuget|Any CPU
		{03296A21-E11B-4DFA-85D4-A39E7BC6A737}.ReleaseNuget|Any CPU.Build.0 = ReleaseNuget|Any CPU
		{03296A21-E11B-4DFA-85D4-A39E7BC6A737}.ReleaseNuget|linux64.ActiveCfg = ReleaseNuget|Any CPU
		{03296A21-E11B-4DFA-85D4-A39E7BC6A737}.ReleaseNuget|linux64.Build.0 = ReleaseNuget|Any CPU
		{03296A21-E11B-4DFA-85D4-A39E7BC6A737}.ReleaseNuget|x64.ActiveCfg = ReleaseNuget|Any CPU
		{03296A21-E11B-4DFA-85D4-A39E7BC6A737}.ReleaseNuget|x64.Build.0 = ReleaseNuget|Any CPU
		{03296A21-E11B-4DFA-85D4-A39E7BC6A737}.ReleaseNuget|x86.ActiveCfg = ReleaseNuget|Any CPU
		{03296A21-E11B-4DFA-85D4-A39E7BC6A737}.ReleaseNuget|x86.Build.0 = ReleaseNuget|Any CPU
		{24A1BBFD-2660-41E1-A4FC-90B7A13A4911}.Debug|Any CPU.ActiveCfg = Debug|Any CPU
		{24A1BBFD-2660-41E1-A4FC-90B7A13A4911}.Debug|Any CPU.Build.0 = Debug|Any CPU
		{24A1BBFD-2660-41E1-A4FC-90B7A13A4911}.Debug|linux64.ActiveCfg = Debug|Any CPU
		{24A1BBFD-2660-41E1-A4FC-90B7A13A4911}.Debug|linux64.Build.0 = Debug|Any CPU
		{24A1BBFD-2660-41E1-A4FC-90B7A13A4911}.Debug|x64.ActiveCfg = Debug|Any CPU
		{24A1BBFD-2660-41E1-A4FC-90B7A13A4911}.Debug|x64.Build.0 = Debug|Any CPU
		{24A1BBFD-2660-41E1-A4FC-90B7A13A4911}.Debug|x86.ActiveCfg = Debug|Any CPU
		{24A1BBFD-2660-41E1-A4FC-90B7A13A4911}.Debug|x86.Build.0 = Debug|Any CPU
		{24A1BBFD-2660-41E1-A4FC-90B7A13A4911}.Release|Any CPU.ActiveCfg = Release|Any CPU
		{24A1BBFD-2660-41E1-A4FC-90B7A13A4911}.Release|Any CPU.Build.0 = Release|Any CPU
		{24A1BBFD-2660-41E1-A4FC-90B7A13A4911}.Release|linux64.ActiveCfg = Release|Any CPU
		{24A1BBFD-2660-41E1-A4FC-90B7A13A4911}.Release|linux64.Build.0 = Release|Any CPU
		{24A1BBFD-2660-41E1-A4FC-90B7A13A4911}.Release|x64.ActiveCfg = Release|Any CPU
		{24A1BBFD-2660-41E1-A4FC-90B7A13A4911}.Release|x64.Build.0 = Release|Any CPU
		{24A1BBFD-2660-41E1-A4FC-90B7A13A4911}.Release|x86.ActiveCfg = Release|Any CPU
		{24A1BBFD-2660-41E1-A4FC-90B7A13A4911}.Release|x86.Build.0 = Release|Any CPU
		{24A1BBFD-2660-41E1-A4FC-90B7A13A4911}.ReleaseNuget|Any CPU.ActiveCfg = ReleaseNuget|Any CPU
		{24A1BBFD-2660-41E1-A4FC-90B7A13A4911}.ReleaseNuget|linux64.ActiveCfg = ReleaseNuget|Any CPU
		{24A1BBFD-2660-41E1-A4FC-90B7A13A4911}.ReleaseNuget|x64.ActiveCfg = ReleaseNuget|Any CPU
		{24A1BBFD-2660-41E1-A4FC-90B7A13A4911}.ReleaseNuget|x64.Build.0 = ReleaseNuget|Any CPU
		{24A1BBFD-2660-41E1-A4FC-90B7A13A4911}.ReleaseNuget|x86.ActiveCfg = ReleaseNuget|Any CPU
		{24A1BBFD-2660-41E1-A4FC-90B7A13A4911}.ReleaseNuget|x86.Build.0 = ReleaseNuget|Any CPU
		{0B8D5276-8628-42D9-848E-421C0A0D81DF}.Debug|Any CPU.ActiveCfg = Debug|Any CPU
		{0B8D5276-8628-42D9-848E-421C0A0D81DF}.Debug|Any CPU.Build.0 = Debug|Any CPU
		{0B8D5276-8628-42D9-848E-421C0A0D81DF}.Debug|linux64.ActiveCfg = Debug|Any CPU
		{0B8D5276-8628-42D9-848E-421C0A0D81DF}.Debug|linux64.Build.0 = Debug|Any CPU
		{0B8D5276-8628-42D9-848E-421C0A0D81DF}.Debug|x64.ActiveCfg = Debug|Any CPU
		{0B8D5276-8628-42D9-848E-421C0A0D81DF}.Debug|x64.Build.0 = Debug|Any CPU
		{0B8D5276-8628-42D9-848E-421C0A0D81DF}.Debug|x86.ActiveCfg = Debug|x86
		{0B8D5276-8628-42D9-848E-421C0A0D81DF}.Debug|x86.Build.0 = Debug|x86
		{0B8D5276-8628-42D9-848E-421C0A0D81DF}.Release|Any CPU.ActiveCfg = Release|Any CPU
		{0B8D5276-8628-42D9-848E-421C0A0D81DF}.Release|Any CPU.Build.0 = Release|Any CPU
		{0B8D5276-8628-42D9-848E-421C0A0D81DF}.Release|linux64.ActiveCfg = Release|Any CPU
		{0B8D5276-8628-42D9-848E-421C0A0D81DF}.Release|linux64.Build.0 = Release|Any CPU
		{0B8D5276-8628-42D9-848E-421C0A0D81DF}.Release|x64.ActiveCfg = Release|Any CPU
		{0B8D5276-8628-42D9-848E-421C0A0D81DF}.Release|x64.Build.0 = Release|Any CPU
		{0B8D5276-8628-42D9-848E-421C0A0D81DF}.Release|x86.ActiveCfg = Release|Any CPU
		{0B8D5276-8628-42D9-848E-421C0A0D81DF}.Release|x86.Build.0 = Release|Any CPU
		{0B8D5276-8628-42D9-848E-421C0A0D81DF}.ReleaseNuget|Any CPU.ActiveCfg = ReleaseNuget|Any CPU
		{0B8D5276-8628-42D9-848E-421C0A0D81DF}.ReleaseNuget|linux64.ActiveCfg = ReleaseNuget|Any CPU
		{0B8D5276-8628-42D9-848E-421C0A0D81DF}.ReleaseNuget|x64.ActiveCfg = ReleaseNuget|Any CPU
		{0B8D5276-8628-42D9-848E-421C0A0D81DF}.ReleaseNuget|x64.Build.0 = ReleaseNuget|Any CPU
		{0B8D5276-8628-42D9-848E-421C0A0D81DF}.ReleaseNuget|x86.ActiveCfg = ReleaseNuget|x86
		{0B8D5276-8628-42D9-848E-421C0A0D81DF}.ReleaseNuget|x86.Build.0 = ReleaseNuget|x86
		{FCF497B3-DE91-4C1E-8E7F-BE4151CC8119}.Debug|Any CPU.ActiveCfg = Debug|x64
		{FCF497B3-DE91-4C1E-8E7F-BE4151CC8119}.Debug|Any CPU.Build.0 = Debug|x64
		{FCF497B3-DE91-4C1E-8E7F-BE4151CC8119}.Debug|linux64.ActiveCfg = Debug|linux64
		{FCF497B3-DE91-4C1E-8E7F-BE4151CC8119}.Debug|linux64.Build.0 = Debug|linux64
		{FCF497B3-DE91-4C1E-8E7F-BE4151CC8119}.Debug|x64.ActiveCfg = Debug|x64
		{FCF497B3-DE91-4C1E-8E7F-BE4151CC8119}.Debug|x64.Build.0 = Debug|x64
		{FCF497B3-DE91-4C1E-8E7F-BE4151CC8119}.Debug|x86.ActiveCfg = Debug|x86
		{FCF497B3-DE91-4C1E-8E7F-BE4151CC8119}.Debug|x86.Build.0 = Debug|x86
		{FCF497B3-DE91-4C1E-8E7F-BE4151CC8119}.Release|Any CPU.ActiveCfg = Release|x86
		{FCF497B3-DE91-4C1E-8E7F-BE4151CC8119}.Release|linux64.ActiveCfg = Release|linux64
		{FCF497B3-DE91-4C1E-8E7F-BE4151CC8119}.Release|linux64.Build.0 = Release|linux64
		{FCF497B3-DE91-4C1E-8E7F-BE4151CC8119}.Release|x64.ActiveCfg = Release|x64
		{FCF497B3-DE91-4C1E-8E7F-BE4151CC8119}.Release|x64.Build.0 = Release|x64
		{FCF497B3-DE91-4C1E-8E7F-BE4151CC8119}.Release|x86.ActiveCfg = Release|x86
		{FCF497B3-DE91-4C1E-8E7F-BE4151CC8119}.Release|x86.Build.0 = Release|x86
		{FCF497B3-DE91-4C1E-8E7F-BE4151CC8119}.ReleaseNuget|Any CPU.ActiveCfg = ReleaseNuget|x86
		{FCF497B3-DE91-4C1E-8E7F-BE4151CC8119}.ReleaseNuget|linux64.ActiveCfg = ReleaseNuget|x86
		{FCF497B3-DE91-4C1E-8E7F-BE4151CC8119}.ReleaseNuget|x64.ActiveCfg = ReleaseNuget|x64
		{FCF497B3-DE91-4C1E-8E7F-BE4151CC8119}.ReleaseNuget|x86.ActiveCfg = ReleaseNuget|x86
		{C61511BF-363B-4992-BAE0-006655A1D84D}.Debug|Any CPU.ActiveCfg = Debug|Any CPU
		{C61511BF-363B-4992-BAE0-006655A1D84D}.Debug|Any CPU.Build.0 = Debug|Any CPU
		{C61511BF-363B-4992-BAE0-006655A1D84D}.Debug|linux64.ActiveCfg = Debug|Any CPU
		{C61511BF-363B-4992-BAE0-006655A1D84D}.Debug|linux64.Build.0 = Debug|Any CPU
		{C61511BF-363B-4992-BAE0-006655A1D84D}.Debug|x64.ActiveCfg = Debug|Any CPU
		{C61511BF-363B-4992-BAE0-006655A1D84D}.Debug|x64.Build.0 = Debug|Any CPU
		{C61511BF-363B-4992-BAE0-006655A1D84D}.Debug|x86.ActiveCfg = Debug|Any CPU
		{C61511BF-363B-4992-BAE0-006655A1D84D}.Debug|x86.Build.0 = Debug|Any CPU
		{C61511BF-363B-4992-BAE0-006655A1D84D}.Release|Any CPU.ActiveCfg = Release|Any CPU
		{C61511BF-363B-4992-BAE0-006655A1D84D}.Release|Any CPU.Build.0 = Release|Any CPU
		{C61511BF-363B-4992-BAE0-006655A1D84D}.Release|linux64.ActiveCfg = Release|Any CPU
		{C61511BF-363B-4992-BAE0-006655A1D84D}.Release|linux64.Build.0 = Release|Any CPU
		{C61511BF-363B-4992-BAE0-006655A1D84D}.Release|x64.ActiveCfg = Release|Any CPU
		{C61511BF-363B-4992-BAE0-006655A1D84D}.Release|x64.Build.0 = Release|Any CPU
		{C61511BF-363B-4992-BAE0-006655A1D84D}.Release|x86.ActiveCfg = Release|Any CPU
		{C61511BF-363B-4992-BAE0-006655A1D84D}.Release|x86.Build.0 = Release|Any CPU
		{C61511BF-363B-4992-BAE0-006655A1D84D}.ReleaseNuget|Any CPU.ActiveCfg = ReleaseNuget|Any CPU
		{C61511BF-363B-4992-BAE0-006655A1D84D}.ReleaseNuget|Any CPU.Build.0 = ReleaseNuget|Any CPU
		{C61511BF-363B-4992-BAE0-006655A1D84D}.ReleaseNuget|linux64.ActiveCfg = ReleaseNuget|Any CPU
		{C61511BF-363B-4992-BAE0-006655A1D84D}.ReleaseNuget|linux64.Build.0 = ReleaseNuget|Any CPU
		{C61511BF-363B-4992-BAE0-006655A1D84D}.ReleaseNuget|x64.ActiveCfg = ReleaseNuget|Any CPU
		{C61511BF-363B-4992-BAE0-006655A1D84D}.ReleaseNuget|x64.Build.0 = ReleaseNuget|Any CPU
		{C61511BF-363B-4992-BAE0-006655A1D84D}.ReleaseNuget|x86.ActiveCfg = ReleaseNuget|Any CPU
		{C61511BF-363B-4992-BAE0-006655A1D84D}.ReleaseNuget|x86.Build.0 = ReleaseNuget|Any CPU
		{8426B119-93FB-49DA-BA0D-38D5B4852495}.Debug|Any CPU.ActiveCfg = Debug|Any CPU
		{8426B119-93FB-49DA-BA0D-38D5B4852495}.Debug|Any CPU.Build.0 = Debug|Any CPU
		{8426B119-93FB-49DA-BA0D-38D5B4852495}.Debug|linux64.ActiveCfg = Debug|Any CPU
		{8426B119-93FB-49DA-BA0D-38D5B4852495}.Debug|linux64.Build.0 = Debug|Any CPU
		{8426B119-93FB-49DA-BA0D-38D5B4852495}.Debug|x64.ActiveCfg = Debug|Any CPU
		{8426B119-93FB-49DA-BA0D-38D5B4852495}.Debug|x64.Build.0 = Debug|Any CPU
		{8426B119-93FB-49DA-BA0D-38D5B4852495}.Debug|x86.ActiveCfg = Debug|Any CPU
		{8426B119-93FB-49DA-BA0D-38D5B4852495}.Debug|x86.Build.0 = Debug|Any CPU
		{8426B119-93FB-49DA-BA0D-38D5B4852495}.Release|Any CPU.ActiveCfg = Release|Any CPU
		{8426B119-93FB-49DA-BA0D-38D5B4852495}.Release|Any CPU.Build.0 = Release|Any CPU
		{8426B119-93FB-49DA-BA0D-38D5B4852495}.Release|linux64.ActiveCfg = Release|Any CPU
		{8426B119-93FB-49DA-BA0D-38D5B4852495}.Release|linux64.Build.0 = Release|Any CPU
		{8426B119-93FB-49DA-BA0D-38D5B4852495}.Release|x64.ActiveCfg = Release|Any CPU
		{8426B119-93FB-49DA-BA0D-38D5B4852495}.Release|x64.Build.0 = Release|Any CPU
		{8426B119-93FB-49DA-BA0D-38D5B4852495}.Release|x86.ActiveCfg = Release|Any CPU
		{8426B119-93FB-49DA-BA0D-38D5B4852495}.Release|x86.Build.0 = Release|Any CPU
		{8426B119-93FB-49DA-BA0D-38D5B4852495}.ReleaseNuget|Any CPU.ActiveCfg = Release|Any CPU
		{8426B119-93FB-49DA-BA0D-38D5B4852495}.ReleaseNuget|Any CPU.Build.0 = Release|Any CPU
		{8426B119-93FB-49DA-BA0D-38D5B4852495}.ReleaseNuget|linux64.ActiveCfg = Release|Any CPU
		{8426B119-93FB-49DA-BA0D-38D5B4852495}.ReleaseNuget|linux64.Build.0 = Release|Any CPU
		{8426B119-93FB-49DA-BA0D-38D5B4852495}.ReleaseNuget|x64.ActiveCfg = Release|Any CPU
		{8426B119-93FB-49DA-BA0D-38D5B4852495}.ReleaseNuget|x64.Build.0 = Release|Any CPU
		{8426B119-93FB-49DA-BA0D-38D5B4852495}.ReleaseNuget|x86.ActiveCfg = Release|Any CPU
		{8426B119-93FB-49DA-BA0D-38D5B4852495}.ReleaseNuget|x86.Build.0 = Release|Any CPU
		{7A6C7334-5D18-447B-A600-5B927839989E}.Debug|Any CPU.ActiveCfg = Debug|Any CPU
		{7A6C7334-5D18-447B-A600-5B927839989E}.Debug|Any CPU.Build.0 = Debug|Any CPU
		{7A6C7334-5D18-447B-A600-5B927839989E}.Debug|linux64.ActiveCfg = Debug|Any CPU
		{7A6C7334-5D18-447B-A600-5B927839989E}.Debug|linux64.Build.0 = Debug|Any CPU
		{7A6C7334-5D18-447B-A600-5B927839989E}.Debug|x64.ActiveCfg = Debug|Any CPU
		{7A6C7334-5D18-447B-A600-5B927839989E}.Debug|x64.Build.0 = Debug|Any CPU
		{7A6C7334-5D18-447B-A600-5B927839989E}.Debug|x86.ActiveCfg = Debug|x86
		{7A6C7334-5D18-447B-A600-5B927839989E}.Debug|x86.Build.0 = Debug|x86
		{7A6C7334-5D18-447B-A600-5B927839989E}.Release|Any CPU.ActiveCfg = Release|Any CPU
		{7A6C7334-5D18-447B-A600-5B927839989E}.Release|Any CPU.Build.0 = Release|Any CPU
		{7A6C7334-5D18-447B-A600-5B927839989E}.Release|linux64.ActiveCfg = Release|Any CPU
		{7A6C7334-5D18-447B-A600-5B927839989E}.Release|linux64.Build.0 = Release|Any CPU
		{7A6C7334-5D18-447B-A600-5B927839989E}.Release|x64.ActiveCfg = Release|Any CPU
		{7A6C7334-5D18-447B-A600-5B927839989E}.Release|x64.Build.0 = Release|Any CPU
		{7A6C7334-5D18-447B-A600-5B927839989E}.Release|x86.ActiveCfg = Release|x86
		{7A6C7334-5D18-447B-A600-5B927839989E}.Release|x86.Build.0 = Release|x86
		{7A6C7334-5D18-447B-A600-5B927839989E}.ReleaseNuget|Any CPU.ActiveCfg = Release|Any CPU
		{7A6C7334-5D18-447B-A600-5B927839989E}.ReleaseNuget|Any CPU.Build.0 = Release|Any CPU
		{7A6C7334-5D18-447B-A600-5B927839989E}.ReleaseNuget|linux64.ActiveCfg = Release|Any CPU
		{7A6C7334-5D18-447B-A600-5B927839989E}.ReleaseNuget|linux64.Build.0 = Release|Any CPU
		{7A6C7334-5D18-447B-A600-5B927839989E}.ReleaseNuget|x64.ActiveCfg = Release|Any CPU
		{7A6C7334-5D18-447B-A600-5B927839989E}.ReleaseNuget|x64.Build.0 = Release|Any CPU
		{7A6C7334-5D18-447B-A600-5B927839989E}.ReleaseNuget|x86.ActiveCfg = Release|x86
		{7A6C7334-5D18-447B-A600-5B927839989E}.ReleaseNuget|x86.Build.0 = Release|x86
		{CEDCEFA7-0915-4625-9B55-22962888527D}.Debug|Any CPU.ActiveCfg = Debug|Any CPU
		{CEDCEFA7-0915-4625-9B55-22962888527D}.Debug|Any CPU.Build.0 = Debug|Any CPU
		{CEDCEFA7-0915-4625-9B55-22962888527D}.Debug|linux64.ActiveCfg = Debug|Any CPU
		{CEDCEFA7-0915-4625-9B55-22962888527D}.Debug|linux64.Build.0 = Debug|Any CPU
		{CEDCEFA7-0915-4625-9B55-22962888527D}.Debug|x64.ActiveCfg = Debug|Any CPU
		{CEDCEFA7-0915-4625-9B55-22962888527D}.Debug|x64.Build.0 = Debug|Any CPU
		{CEDCEFA7-0915-4625-9B55-22962888527D}.Debug|x86.ActiveCfg = Debug|x86
		{CEDCEFA7-0915-4625-9B55-22962888527D}.Debug|x86.Build.0 = Debug|x86
		{CEDCEFA7-0915-4625-9B55-22962888527D}.Release|Any CPU.ActiveCfg = Release|Any CPU
		{CEDCEFA7-0915-4625-9B55-22962888527D}.Release|Any CPU.Build.0 = Release|Any CPU
		{CEDCEFA7-0915-4625-9B55-22962888527D}.Release|linux64.ActiveCfg = Release|Any CPU
		{CEDCEFA7-0915-4625-9B55-22962888527D}.Release|linux64.Build.0 = Release|Any CPU
		{CEDCEFA7-0915-4625-9B55-22962888527D}.Release|x64.ActiveCfg = Release|Any CPU
		{CEDCEFA7-0915-4625-9B55-22962888527D}.Release|x64.Build.0 = Release|Any CPU
		{CEDCEFA7-0915-4625-9B55-22962888527D}.Release|x86.ActiveCfg = Release|x86
		{CEDCEFA7-0915-4625-9B55-22962888527D}.Release|x86.Build.0 = Release|x86
		{CEDCEFA7-0915-4625-9B55-22962888527D}.ReleaseNuget|Any CPU.ActiveCfg = Release|Any CPU
		{CEDCEFA7-0915-4625-9B55-22962888527D}.ReleaseNuget|Any CPU.Build.0 = Release|Any CPU
		{CEDCEFA7-0915-4625-9B55-22962888527D}.ReleaseNuget|linux64.ActiveCfg = Release|Any CPU
		{CEDCEFA7-0915-4625-9B55-22962888527D}.ReleaseNuget|linux64.Build.0 = Release|Any CPU
		{CEDCEFA7-0915-4625-9B55-22962888527D}.ReleaseNuget|x64.ActiveCfg = Release|Any CPU
		{CEDCEFA7-0915-4625-9B55-22962888527D}.ReleaseNuget|x64.Build.0 = Release|Any CPU
		{CEDCEFA7-0915-4625-9B55-22962888527D}.ReleaseNuget|x86.ActiveCfg = Release|x86
		{CEDCEFA7-0915-4625-9B55-22962888527D}.ReleaseNuget|x86.Build.0 = Release|x86
		{B3082036-E406-4B61-831A-10D3E7D36F9F}.Debug|Any CPU.ActiveCfg = Debug|Any CPU
		{B3082036-E406-4B61-831A-10D3E7D36F9F}.Debug|Any CPU.Build.0 = Debug|Any CPU
		{B3082036-E406-4B61-831A-10D3E7D36F9F}.Debug|linux64.ActiveCfg = Debug|Any CPU
		{B3082036-E406-4B61-831A-10D3E7D36F9F}.Debug|linux64.Build.0 = Debug|Any CPU
		{B3082036-E406-4B61-831A-10D3E7D36F9F}.Debug|x64.ActiveCfg = Debug|Any CPU
		{B3082036-E406-4B61-831A-10D3E7D36F9F}.Debug|x64.Build.0 = Debug|Any CPU
		{B3082036-E406-4B61-831A-10D3E7D36F9F}.Debug|x86.ActiveCfg = Debug|x86
		{B3082036-E406-4B61-831A-10D3E7D36F9F}.Debug|x86.Build.0 = Debug|x86
		{B3082036-E406-4B61-831A-10D3E7D36F9F}.Release|Any CPU.ActiveCfg = Release|Any CPU
		{B3082036-E406-4B61-831A-10D3E7D36F9F}.Release|Any CPU.Build.0 = Release|Any CPU
		{B3082036-E406-4B61-831A-10D3E7D36F9F}.Release|linux64.ActiveCfg = Release|Any CPU
		{B3082036-E406-4B61-831A-10D3E7D36F9F}.Release|linux64.Build.0 = Release|Any CPU
		{B3082036-E406-4B61-831A-10D3E7D36F9F}.Release|x64.ActiveCfg = Release|Any CPU
		{B3082036-E406-4B61-831A-10D3E7D36F9F}.Release|x64.Build.0 = Release|Any CPU
		{B3082036-E406-4B61-831A-10D3E7D36F9F}.Release|x86.ActiveCfg = Release|x86
		{B3082036-E406-4B61-831A-10D3E7D36F9F}.Release|x86.Build.0 = Release|x86
		{B3082036-E406-4B61-831A-10D3E7D36F9F}.ReleaseNuget|Any CPU.ActiveCfg = Release|Any CPU
		{B3082036-E406-4B61-831A-10D3E7D36F9F}.ReleaseNuget|Any CPU.Build.0 = Release|Any CPU
		{B3082036-E406-4B61-831A-10D3E7D36F9F}.ReleaseNuget|linux64.ActiveCfg = Release|Any CPU
		{B3082036-E406-4B61-831A-10D3E7D36F9F}.ReleaseNuget|linux64.Build.0 = Release|Any CPU
		{B3082036-E406-4B61-831A-10D3E7D36F9F}.ReleaseNuget|x64.ActiveCfg = Release|Any CPU
		{B3082036-E406-4B61-831A-10D3E7D36F9F}.ReleaseNuget|x64.Build.0 = Release|Any CPU
		{B3082036-E406-4B61-831A-10D3E7D36F9F}.ReleaseNuget|x86.ActiveCfg = Release|x86
		{B3082036-E406-4B61-831A-10D3E7D36F9F}.ReleaseNuget|x86.Build.0 = Release|x86
		{1367DF4B-1815-4DA3-8A47-C9E7A848AF25}.Debug|Any CPU.ActiveCfg = Debug|Any CPU
		{1367DF4B-1815-4DA3-8A47-C9E7A848AF25}.Debug|Any CPU.Build.0 = Debug|Any CPU
		{1367DF4B-1815-4DA3-8A47-C9E7A848AF25}.Debug|linux64.ActiveCfg = Debug|Any CPU
		{1367DF4B-1815-4DA3-8A47-C9E7A848AF25}.Debug|linux64.Build.0 = Debug|Any CPU
		{1367DF4B-1815-4DA3-8A47-C9E7A848AF25}.Debug|x64.ActiveCfg = Debug|Any CPU
		{1367DF4B-1815-4DA3-8A47-C9E7A848AF25}.Debug|x64.Build.0 = Debug|Any CPU
		{1367DF4B-1815-4DA3-8A47-C9E7A848AF25}.Debug|x86.ActiveCfg = Debug|x86
		{1367DF4B-1815-4DA3-8A47-C9E7A848AF25}.Debug|x86.Build.0 = Debug|x86
		{1367DF4B-1815-4DA3-8A47-C9E7A848AF25}.Release|Any CPU.ActiveCfg = Release|Any CPU
		{1367DF4B-1815-4DA3-8A47-C9E7A848AF25}.Release|Any CPU.Build.0 = Release|Any CPU
		{1367DF4B-1815-4DA3-8A47-C9E7A848AF25}.Release|linux64.ActiveCfg = Release|Any CPU
		{1367DF4B-1815-4DA3-8A47-C9E7A848AF25}.Release|linux64.Build.0 = Release|Any CPU
		{1367DF4B-1815-4DA3-8A47-C9E7A848AF25}.Release|x64.ActiveCfg = Release|Any CPU
		{1367DF4B-1815-4DA3-8A47-C9E7A848AF25}.Release|x64.Build.0 = Release|Any CPU
		{1367DF4B-1815-4DA3-8A47-C9E7A848AF25}.Release|x86.ActiveCfg = Release|x86
		{1367DF4B-1815-4DA3-8A47-C9E7A848AF25}.Release|x86.Build.0 = Release|x86
		{1367DF4B-1815-4DA3-8A47-C9E7A848AF25}.ReleaseNuget|Any CPU.ActiveCfg = Release|Any CPU
		{1367DF4B-1815-4DA3-8A47-C9E7A848AF25}.ReleaseNuget|Any CPU.Build.0 = Release|Any CPU
		{1367DF4B-1815-4DA3-8A47-C9E7A848AF25}.ReleaseNuget|linux64.ActiveCfg = Release|Any CPU
		{1367DF4B-1815-4DA3-8A47-C9E7A848AF25}.ReleaseNuget|linux64.Build.0 = Release|Any CPU
		{1367DF4B-1815-4DA3-8A47-C9E7A848AF25}.ReleaseNuget|x64.ActiveCfg = Release|Any CPU
		{1367DF4B-1815-4DA3-8A47-C9E7A848AF25}.ReleaseNuget|x64.Build.0 = Release|Any CPU
		{1367DF4B-1815-4DA3-8A47-C9E7A848AF25}.ReleaseNuget|x86.ActiveCfg = Release|x86
		{1367DF4B-1815-4DA3-8A47-C9E7A848AF25}.ReleaseNuget|x86.Build.0 = Release|x86
		{31402E98-CBE1-4F08-B7CE-91C296C6C0CF}.Debug|Any CPU.ActiveCfg = Debug|Any CPU
		{31402E98-CBE1-4F08-B7CE-91C296C6C0CF}.Debug|Any CPU.Build.0 = Debug|Any CPU
		{31402E98-CBE1-4F08-B7CE-91C296C6C0CF}.Debug|linux64.ActiveCfg = Debug|Any CPU
		{31402E98-CBE1-4F08-B7CE-91C296C6C0CF}.Debug|linux64.Build.0 = Debug|Any CPU
		{31402E98-CBE1-4F08-B7CE-91C296C6C0CF}.Debug|x64.ActiveCfg = Debug|Any CPU
		{31402E98-CBE1-4F08-B7CE-91C296C6C0CF}.Debug|x64.Build.0 = Debug|Any CPU
		{31402E98-CBE1-4F08-B7CE-91C296C6C0CF}.Debug|x86.ActiveCfg = Debug|x86
		{31402E98-CBE1-4F08-B7CE-91C296C6C0CF}.Debug|x86.Build.0 = Debug|x86
		{31402E98-CBE1-4F08-B7CE-91C296C6C0CF}.Release|Any CPU.ActiveCfg = Release|Any CPU
		{31402E98-CBE1-4F08-B7CE-91C296C6C0CF}.Release|Any CPU.Build.0 = Release|Any CPU
		{31402E98-CBE1-4F08-B7CE-91C296C6C0CF}.Release|linux64.ActiveCfg = Release|Any CPU
		{31402E98-CBE1-4F08-B7CE-91C296C6C0CF}.Release|linux64.Build.0 = Release|Any CPU
		{31402E98-CBE1-4F08-B7CE-91C296C6C0CF}.Release|x64.ActiveCfg = Release|Any CPU
		{31402E98-CBE1-4F08-B7CE-91C296C6C0CF}.Release|x64.Build.0 = Release|Any CPU
		{31402E98-CBE1-4F08-B7CE-91C296C6C0CF}.Release|x86.ActiveCfg = Release|x86
		{31402E98-CBE1-4F08-B7CE-91C296C6C0CF}.Release|x86.Build.0 = Release|x86
		{31402E98-CBE1-4F08-B7CE-91C296C6C0CF}.ReleaseNuget|Any CPU.ActiveCfg = Release|Any CPU
		{31402E98-CBE1-4F08-B7CE-91C296C6C0CF}.ReleaseNuget|Any CPU.Build.0 = Release|Any CPU
		{31402E98-CBE1-4F08-B7CE-91C296C6C0CF}.ReleaseNuget|linux64.ActiveCfg = Release|Any CPU
		{31402E98-CBE1-4F08-B7CE-91C296C6C0CF}.ReleaseNuget|linux64.Build.0 = Release|Any CPU
		{31402E98-CBE1-4F08-B7CE-91C296C6C0CF}.ReleaseNuget|x64.ActiveCfg = Release|Any CPU
		{31402E98-CBE1-4F08-B7CE-91C296C6C0CF}.ReleaseNuget|x64.Build.0 = Release|Any CPU
		{31402E98-CBE1-4F08-B7CE-91C296C6C0CF}.ReleaseNuget|x86.ActiveCfg = Release|x86
		{31402E98-CBE1-4F08-B7CE-91C296C6C0CF}.ReleaseNuget|x86.Build.0 = Release|x86
		{4E4BB0A5-5FCD-4CBB-89E7-678B7A66B490}.Debug|Any CPU.ActiveCfg = Debug|Any CPU
		{4E4BB0A5-5FCD-4CBB-89E7-678B7A66B490}.Debug|Any CPU.Build.0 = Debug|Any CPU
		{4E4BB0A5-5FCD-4CBB-89E7-678B7A66B490}.Debug|linux64.ActiveCfg = Debug|Any CPU
		{4E4BB0A5-5FCD-4CBB-89E7-678B7A66B490}.Debug|linux64.Build.0 = Debug|Any CPU
		{4E4BB0A5-5FCD-4CBB-89E7-678B7A66B490}.Debug|x64.ActiveCfg = Debug|Any CPU
		{4E4BB0A5-5FCD-4CBB-89E7-678B7A66B490}.Debug|x64.Build.0 = Debug|Any CPU
		{4E4BB0A5-5FCD-4CBB-89E7-678B7A66B490}.Debug|x86.ActiveCfg = Debug|x86
		{4E4BB0A5-5FCD-4CBB-89E7-678B7A66B490}.Debug|x86.Build.0 = Debug|x86
		{4E4BB0A5-5FCD-4CBB-89E7-678B7A66B490}.Release|Any CPU.ActiveCfg = Release|Any CPU
		{4E4BB0A5-5FCD-4CBB-89E7-678B7A66B490}.Release|Any CPU.Build.0 = Release|Any CPU
		{4E4BB0A5-5FCD-4CBB-89E7-678B7A66B490}.Release|linux64.ActiveCfg = Release|Any CPU
		{4E4BB0A5-5FCD-4CBB-89E7-678B7A66B490}.Release|linux64.Build.0 = Release|Any CPU
		{4E4BB0A5-5FCD-4CBB-89E7-678B7A66B490}.Release|x64.ActiveCfg = Release|Any CPU
		{4E4BB0A5-5FCD-4CBB-89E7-678B7A66B490}.Release|x64.Build.0 = Release|Any CPU
		{4E4BB0A5-5FCD-4CBB-89E7-678B7A66B490}.Release|x86.ActiveCfg = Release|x86
		{4E4BB0A5-5FCD-4CBB-89E7-678B7A66B490}.Release|x86.Build.0 = Release|x86
		{4E4BB0A5-5FCD-4CBB-89E7-678B7A66B490}.ReleaseNuget|Any CPU.ActiveCfg = Release|Any CPU
		{4E4BB0A5-5FCD-4CBB-89E7-678B7A66B490}.ReleaseNuget|Any CPU.Build.0 = Release|Any CPU
		{4E4BB0A5-5FCD-4CBB-89E7-678B7A66B490}.ReleaseNuget|linux64.ActiveCfg = Release|Any CPU
		{4E4BB0A5-5FCD-4CBB-89E7-678B7A66B490}.ReleaseNuget|linux64.Build.0 = Release|Any CPU
		{4E4BB0A5-5FCD-4CBB-89E7-678B7A66B490}.ReleaseNuget|x64.ActiveCfg = Release|Any CPU
		{4E4BB0A5-5FCD-4CBB-89E7-678B7A66B490}.ReleaseNuget|x64.Build.0 = Release|Any CPU
		{4E4BB0A5-5FCD-4CBB-89E7-678B7A66B490}.ReleaseNuget|x86.ActiveCfg = Release|x86
		{4E4BB0A5-5FCD-4CBB-89E7-678B7A66B490}.ReleaseNuget|x86.Build.0 = Release|x86
		{8042EE21-1217-41F6-ABD3-A9B10448ECDB}.Debug|Any CPU.ActiveCfg = Debug|Any CPU
		{8042EE21-1217-41F6-ABD3-A9B10448ECDB}.Debug|Any CPU.Build.0 = Debug|Any CPU
		{8042EE21-1217-41F6-ABD3-A9B10448ECDB}.Debug|linux64.ActiveCfg = Debug|Any CPU
		{8042EE21-1217-41F6-ABD3-A9B10448ECDB}.Debug|linux64.Build.0 = Debug|Any CPU
		{8042EE21-1217-41F6-ABD3-A9B10448ECDB}.Debug|x64.ActiveCfg = Debug|Any CPU
		{8042EE21-1217-41F6-ABD3-A9B10448ECDB}.Debug|x64.Build.0 = Debug|Any CPU
		{8042EE21-1217-41F6-ABD3-A9B10448ECDB}.Debug|x86.ActiveCfg = Debug|Any CPU
		{8042EE21-1217-41F6-ABD3-A9B10448ECDB}.Debug|x86.Build.0 = Debug|Any CPU
		{8042EE21-1217-41F6-ABD3-A9B10448ECDB}.Release|Any CPU.ActiveCfg = Release|Any CPU
		{8042EE21-1217-41F6-ABD3-A9B10448ECDB}.Release|Any CPU.Build.0 = Release|Any CPU
		{8042EE21-1217-41F6-ABD3-A9B10448ECDB}.Release|linux64.ActiveCfg = Release|Any CPU
		{8042EE21-1217-41F6-ABD3-A9B10448ECDB}.Release|linux64.Build.0 = Release|Any CPU
		{8042EE21-1217-41F6-ABD3-A9B10448ECDB}.Release|x64.ActiveCfg = Release|Any CPU
		{8042EE21-1217-41F6-ABD3-A9B10448ECDB}.Release|x64.Build.0 = Release|Any CPU
		{8042EE21-1217-41F6-ABD3-A9B10448ECDB}.Release|x86.ActiveCfg = Release|Any CPU
		{8042EE21-1217-41F6-ABD3-A9B10448ECDB}.Release|x86.Build.0 = Release|Any CPU
		{8042EE21-1217-41F6-ABD3-A9B10448ECDB}.ReleaseNuget|Any CPU.ActiveCfg = Release|Any CPU
		{8042EE21-1217-41F6-ABD3-A9B10448ECDB}.ReleaseNuget|Any CPU.Build.0 = Release|Any CPU
		{8042EE21-1217-41F6-ABD3-A9B10448ECDB}.ReleaseNuget|linux64.ActiveCfg = Release|Any CPU
		{8042EE21-1217-41F6-ABD3-A9B10448ECDB}.ReleaseNuget|linux64.Build.0 = Release|Any CPU
		{8042EE21-1217-41F6-ABD3-A9B10448ECDB}.ReleaseNuget|x64.ActiveCfg = Release|Any CPU
		{8042EE21-1217-41F6-ABD3-A9B10448ECDB}.ReleaseNuget|x64.Build.0 = Release|Any CPU
		{8042EE21-1217-41F6-ABD3-A9B10448ECDB}.ReleaseNuget|x86.ActiveCfg = Release|Any CPU
		{8042EE21-1217-41F6-ABD3-A9B10448ECDB}.ReleaseNuget|x86.Build.0 = Release|Any CPU
		{A4087F94-430C-4781-8AB3-0983DDFC6C90}.Debug|Any CPU.ActiveCfg = Debug|Any CPU
		{A4087F94-430C-4781-8AB3-0983DDFC6C90}.Debug|Any CPU.Build.0 = Debug|Any CPU
		{A4087F94-430C-4781-8AB3-0983DDFC6C90}.Debug|linux64.ActiveCfg = Debug|Any CPU
		{A4087F94-430C-4781-8AB3-0983DDFC6C90}.Debug|linux64.Build.0 = Debug|Any CPU
		{A4087F94-430C-4781-8AB3-0983DDFC6C90}.Debug|x64.ActiveCfg = Debug|Any CPU
		{A4087F94-430C-4781-8AB3-0983DDFC6C90}.Debug|x64.Build.0 = Debug|Any CPU
		{A4087F94-430C-4781-8AB3-0983DDFC6C90}.Debug|x86.ActiveCfg = Debug|x86
		{A4087F94-430C-4781-8AB3-0983DDFC6C90}.Debug|x86.Build.0 = Debug|x86
		{A4087F94-430C-4781-8AB3-0983DDFC6C90}.Release|Any CPU.ActiveCfg = Release|Any CPU
		{A4087F94-430C-4781-8AB3-0983DDFC6C90}.Release|Any CPU.Build.0 = Release|Any CPU
		{A4087F94-430C-4781-8AB3-0983DDFC6C90}.Release|linux64.ActiveCfg = Release|Any CPU
		{A4087F94-430C-4781-8AB3-0983DDFC6C90}.Release|linux64.Build.0 = Release|Any CPU
		{A4087F94-430C-4781-8AB3-0983DDFC6C90}.Release|x64.ActiveCfg = Release|Any CPU
		{A4087F94-430C-4781-8AB3-0983DDFC6C90}.Release|x64.Build.0 = Release|Any CPU
		{A4087F94-430C-4781-8AB3-0983DDFC6C90}.Release|x86.ActiveCfg = Release|x86
		{A4087F94-430C-4781-8AB3-0983DDFC6C90}.Release|x86.Build.0 = Release|x86
		{A4087F94-430C-4781-8AB3-0983DDFC6C90}.ReleaseNuget|Any CPU.ActiveCfg = Release|Any CPU
		{A4087F94-430C-4781-8AB3-0983DDFC6C90}.ReleaseNuget|Any CPU.Build.0 = Release|Any CPU
		{A4087F94-430C-4781-8AB3-0983DDFC6C90}.ReleaseNuget|linux64.ActiveCfg = Release|Any CPU
		{A4087F94-430C-4781-8AB3-0983DDFC6C90}.ReleaseNuget|linux64.Build.0 = Release|Any CPU
		{A4087F94-430C-4781-8AB3-0983DDFC6C90}.ReleaseNuget|x64.ActiveCfg = Release|Any CPU
		{A4087F94-430C-4781-8AB3-0983DDFC6C90}.ReleaseNuget|x64.Build.0 = Release|Any CPU
		{A4087F94-430C-4781-8AB3-0983DDFC6C90}.ReleaseNuget|x86.ActiveCfg = Release|x86
		{A4087F94-430C-4781-8AB3-0983DDFC6C90}.ReleaseNuget|x86.Build.0 = Release|x86
		{32370B0D-1522-4C95-A265-155E92C64705}.Debug|Any CPU.ActiveCfg = Debug|x64
		{32370B0D-1522-4C95-A265-155E92C64705}.Debug|Any CPU.Build.0 = Debug|x64
		{32370B0D-1522-4C95-A265-155E92C64705}.Debug|linux64.ActiveCfg = Debug|Any CPU
		{32370B0D-1522-4C95-A265-155E92C64705}.Debug|x64.ActiveCfg = Debug|Any CPU
		{32370B0D-1522-4C95-A265-155E92C64705}.Debug|x86.ActiveCfg = Debug|Any CPU
		{32370B0D-1522-4C95-A265-155E92C64705}.Release|Any CPU.ActiveCfg = Release|Any CPU
		{32370B0D-1522-4C95-A265-155E92C64705}.Release|Any CPU.Build.0 = Release|Any CPU
		{32370B0D-1522-4C95-A265-155E92C64705}.Release|linux64.ActiveCfg = Release|Any CPU
		{32370B0D-1522-4C95-A265-155E92C64705}.Release|linux64.Build.0 = Release|Any CPU
		{32370B0D-1522-4C95-A265-155E92C64705}.Release|x64.ActiveCfg = Release|x64
		{32370B0D-1522-4C95-A265-155E92C64705}.Release|x64.Build.0 = Release|x64
		{32370B0D-1522-4C95-A265-155E92C64705}.Release|x86.ActiveCfg = Release|Any CPU
		{32370B0D-1522-4C95-A265-155E92C64705}.Release|x86.Build.0 = Release|Any CPU
		{32370B0D-1522-4C95-A265-155E92C64705}.ReleaseNuget|Any CPU.ActiveCfg = Release|Any CPU
		{32370B0D-1522-4C95-A265-155E92C64705}.ReleaseNuget|Any CPU.Build.0 = Release|Any CPU
		{32370B0D-1522-4C95-A265-155E92C64705}.ReleaseNuget|linux64.ActiveCfg = Release|Any CPU
		{32370B0D-1522-4C95-A265-155E92C64705}.ReleaseNuget|linux64.Build.0 = Release|Any CPU
		{32370B0D-1522-4C95-A265-155E92C64705}.ReleaseNuget|x64.ActiveCfg = Release|Any CPU
		{32370B0D-1522-4C95-A265-155E92C64705}.ReleaseNuget|x64.Build.0 = Release|Any CPU
		{32370B0D-1522-4C95-A265-155E92C64705}.ReleaseNuget|x86.ActiveCfg = Release|Any CPU
		{32370B0D-1522-4C95-A265-155E92C64705}.ReleaseNuget|x86.Build.0 = Release|Any CPU
		{4ED2577E-4EAE-403D-BECE-EAD1C9B9FE87}.Debug|Any CPU.ActiveCfg = Debug|x64
		{4ED2577E-4EAE-403D-BECE-EAD1C9B9FE87}.Debug|Any CPU.Build.0 = Debug|x64
		{4ED2577E-4EAE-403D-BECE-EAD1C9B9FE87}.Debug|linux64.ActiveCfg = Debug|x64
		{4ED2577E-4EAE-403D-BECE-EAD1C9B9FE87}.Debug|x64.ActiveCfg = Debug|x64
		{4ED2577E-4EAE-403D-BECE-EAD1C9B9FE87}.Debug|x86.ActiveCfg = Debug|x64
		{4ED2577E-4EAE-403D-BECE-EAD1C9B9FE87}.Release|Any CPU.ActiveCfg = Release|x64
		{4ED2577E-4EAE-403D-BECE-EAD1C9B9FE87}.Release|linux64.ActiveCfg = Release|x64
		{4ED2577E-4EAE-403D-BECE-EAD1C9B9FE87}.Release|x64.ActiveCfg = Release|x64
		{4ED2577E-4EAE-403D-BECE-EAD1C9B9FE87}.Release|x64.Build.0 = Release|x64
		{4ED2577E-4EAE-403D-BECE-EAD1C9B9FE87}.Release|x86.ActiveCfg = Release|x64
		{4ED2577E-4EAE-403D-BECE-EAD1C9B9FE87}.ReleaseNuget|Any CPU.ActiveCfg = Debug|x64
		{4ED2577E-4EAE-403D-BECE-EAD1C9B9FE87}.ReleaseNuget|linux64.ActiveCfg = Debug|x64
		{4ED2577E-4EAE-403D-BECE-EAD1C9B9FE87}.ReleaseNuget|x64.ActiveCfg = Release|x64
		{4ED2577E-4EAE-403D-BECE-EAD1C9B9FE87}.ReleaseNuget|x86.ActiveCfg = Debug|x64
		{6350E7DB-6C99-498B-8A3D-677CEEC7FE1E}.Debug|Any CPU.ActiveCfg = Debug|Any CPU
		{6350E7DB-6C99-498B-8A3D-677CEEC7FE1E}.Debug|Any CPU.Build.0 = Debug|Any CPU
		{6350E7DB-6C99-498B-8A3D-677CEEC7FE1E}.Debug|linux64.ActiveCfg = Debug|Any CPU
		{6350E7DB-6C99-498B-8A3D-677CEEC7FE1E}.Debug|linux64.Build.0 = Debug|Any CPU
		{6350E7DB-6C99-498B-8A3D-677CEEC7FE1E}.Debug|x64.ActiveCfg = Debug|Any CPU
		{6350E7DB-6C99-498B-8A3D-677CEEC7FE1E}.Debug|x64.Build.0 = Debug|Any CPU
		{6350E7DB-6C99-498B-8A3D-677CEEC7FE1E}.Debug|x86.ActiveCfg = Debug|Any CPU
		{6350E7DB-6C99-498B-8A3D-677CEEC7FE1E}.Debug|x86.Build.0 = Debug|Any CPU
		{6350E7DB-6C99-498B-8A3D-677CEEC7FE1E}.Release|Any CPU.ActiveCfg = Release|Any CPU
		{6350E7DB-6C99-498B-8A3D-677CEEC7FE1E}.Release|Any CPU.Build.0 = Release|Any CPU
		{6350E7DB-6C99-498B-8A3D-677CEEC7FE1E}.Release|linux64.ActiveCfg = Release|Any CPU
		{6350E7DB-6C99-498B-8A3D-677CEEC7FE1E}.Release|linux64.Build.0 = Release|Any CPU
		{6350E7DB-6C99-498B-8A3D-677CEEC7FE1E}.Release|x64.ActiveCfg = Release|Any CPU
		{6350E7DB-6C99-498B-8A3D-677CEEC7FE1E}.Release|x64.Build.0 = Release|Any CPU
		{6350E7DB-6C99-498B-8A3D-677CEEC7FE1E}.Release|x86.ActiveCfg = Release|Any CPU
		{6350E7DB-6C99-498B-8A3D-677CEEC7FE1E}.Release|x86.Build.0 = Release|Any CPU
		{6350E7DB-6C99-498B-8A3D-677CEEC7FE1E}.ReleaseNuget|Any CPU.ActiveCfg = Release|Any CPU
		{6350E7DB-6C99-498B-8A3D-677CEEC7FE1E}.ReleaseNuget|Any CPU.Build.0 = Release|Any CPU
		{6350E7DB-6C99-498B-8A3D-677CEEC7FE1E}.ReleaseNuget|linux64.ActiveCfg = Release|Any CPU
		{6350E7DB-6C99-498B-8A3D-677CEEC7FE1E}.ReleaseNuget|linux64.Build.0 = Release|Any CPU
		{6350E7DB-6C99-498B-8A3D-677CEEC7FE1E}.ReleaseNuget|x64.ActiveCfg = Release|Any CPU
		{6350E7DB-6C99-498B-8A3D-677CEEC7FE1E}.ReleaseNuget|x64.Build.0 = Release|Any CPU
		{6350E7DB-6C99-498B-8A3D-677CEEC7FE1E}.ReleaseNuget|x86.ActiveCfg = Release|Any CPU
		{6350E7DB-6C99-498B-8A3D-677CEEC7FE1E}.ReleaseNuget|x86.Build.0 = Release|Any CPU
		{1BAF0501-F413-4A61-A0D6-C77AD42E93D4}.Debug|Any CPU.ActiveCfg = Debug|Any CPU
		{1BAF0501-F413-4A61-A0D6-C77AD42E93D4}.Debug|Any CPU.Build.0 = Debug|Any CPU
		{1BAF0501-F413-4A61-A0D6-C77AD42E93D4}.Debug|linux64.ActiveCfg = Debug|Any CPU
		{1BAF0501-F413-4A61-A0D6-C77AD42E93D4}.Debug|linux64.Build.0 = Debug|Any CPU
		{1BAF0501-F413-4A61-A0D6-C77AD42E93D4}.Debug|x64.ActiveCfg = Debug|Any CPU
		{1BAF0501-F413-4A61-A0D6-C77AD42E93D4}.Debug|x64.Build.0 = Debug|Any CPU
		{1BAF0501-F413-4A61-A0D6-C77AD42E93D4}.Debug|x86.ActiveCfg = Debug|Any CPU
		{1BAF0501-F413-4A61-A0D6-C77AD42E93D4}.Debug|x86.Build.0 = Debug|Any CPU
		{1BAF0501-F413-4A61-A0D6-C77AD42E93D4}.Release|Any CPU.ActiveCfg = Release|Any CPU
		{1BAF0501-F413-4A61-A0D6-C77AD42E93D4}.Release|Any CPU.Build.0 = Release|Any CPU
		{1BAF0501-F413-4A61-A0D6-C77AD42E93D4}.Release|linux64.ActiveCfg = Release|Any CPU
		{1BAF0501-F413-4A61-A0D6-C77AD42E93D4}.Release|linux64.Build.0 = Release|Any CPU
		{1BAF0501-F413-4A61-A0D6-C77AD42E93D4}.Release|x64.ActiveCfg = Release|Any CPU
		{1BAF0501-F413-4A61-A0D6-C77AD42E93D4}.Release|x64.Build.0 = Release|Any CPU
		{1BAF0501-F413-4A61-A0D6-C77AD42E93D4}.Release|x86.ActiveCfg = Release|Any CPU
		{1BAF0501-F413-4A61-A0D6-C77AD42E93D4}.Release|x86.Build.0 = Release|Any CPU
		{1BAF0501-F413-4A61-A0D6-C77AD42E93D4}.ReleaseNuget|Any CPU.ActiveCfg = Release|Any CPU
		{1BAF0501-F413-4A61-A0D6-C77AD42E93D4}.ReleaseNuget|Any CPU.Build.0 = Release|Any CPU
		{1BAF0501-F413-4A61-A0D6-C77AD42E93D4}.ReleaseNuget|linux64.ActiveCfg = Release|Any CPU
		{1BAF0501-F413-4A61-A0D6-C77AD42E93D4}.ReleaseNuget|linux64.Build.0 = Release|Any CPU
		{1BAF0501-F413-4A61-A0D6-C77AD42E93D4}.ReleaseNuget|x64.ActiveCfg = Release|Any CPU
		{1BAF0501-F413-4A61-A0D6-C77AD42E93D4}.ReleaseNuget|x64.Build.0 = Release|Any CPU
		{1BAF0501-F413-4A61-A0D6-C77AD42E93D4}.ReleaseNuget|x86.ActiveCfg = Release|Any CPU
		{1BAF0501-F413-4A61-A0D6-C77AD42E93D4}.ReleaseNuget|x86.Build.0 = Release|Any CPU
		{E6E851FA-17DC-419D-825C-EB4B6AAA9E07}.Debug|Any CPU.ActiveCfg = Debug|Any CPU
		{E6E851FA-17DC-419D-825C-EB4B6AAA9E07}.Debug|Any CPU.Build.0 = Debug|Any CPU
		{E6E851FA-17DC-419D-825C-EB4B6AAA9E07}.Debug|linux64.ActiveCfg = Debug|Any CPU
		{E6E851FA-17DC-419D-825C-EB4B6AAA9E07}.Debug|linux64.Build.0 = Debug|Any CPU
		{E6E851FA-17DC-419D-825C-EB4B6AAA9E07}.Debug|x64.ActiveCfg = Debug|Any CPU
		{E6E851FA-17DC-419D-825C-EB4B6AAA9E07}.Debug|x64.Build.0 = Debug|Any CPU
		{E6E851FA-17DC-419D-825C-EB4B6AAA9E07}.Debug|x86.ActiveCfg = Debug|Any CPU
		{E6E851FA-17DC-419D-825C-EB4B6AAA9E07}.Debug|x86.Build.0 = Debug|Any CPU
		{E6E851FA-17DC-419D-825C-EB4B6AAA9E07}.Release|Any CPU.ActiveCfg = Release|Any CPU
		{E6E851FA-17DC-419D-825C-EB4B6AAA9E07}.Release|Any CPU.Build.0 = Release|Any CPU
		{E6E851FA-17DC-419D-825C-EB4B6AAA9E07}.Release|linux64.ActiveCfg = Release|Any CPU
		{E6E851FA-17DC-419D-825C-EB4B6AAA9E07}.Release|linux64.Build.0 = Release|Any CPU
		{E6E851FA-17DC-419D-825C-EB4B6AAA9E07}.Release|x64.ActiveCfg = Release|Any CPU
		{E6E851FA-17DC-419D-825C-EB4B6AAA9E07}.Release|x64.Build.0 = Release|Any CPU
		{E6E851FA-17DC-419D-825C-EB4B6AAA9E07}.Release|x86.ActiveCfg = Release|Any CPU
		{E6E851FA-17DC-419D-825C-EB4B6AAA9E07}.Release|x86.Build.0 = Release|Any CPU
		{E6E851FA-17DC-419D-825C-EB4B6AAA9E07}.ReleaseNuget|Any CPU.ActiveCfg = Release|Any CPU
		{E6E851FA-17DC-419D-825C-EB4B6AAA9E07}.ReleaseNuget|Any CPU.Build.0 = Release|Any CPU
		{E6E851FA-17DC-419D-825C-EB4B6AAA9E07}.ReleaseNuget|linux64.ActiveCfg = Release|Any CPU
		{E6E851FA-17DC-419D-825C-EB4B6AAA9E07}.ReleaseNuget|linux64.Build.0 = Release|Any CPU
		{E6E851FA-17DC-419D-825C-EB4B6AAA9E07}.ReleaseNuget|x64.ActiveCfg = Release|Any CPU
		{E6E851FA-17DC-419D-825C-EB4B6AAA9E07}.ReleaseNuget|x64.Build.0 = Release|Any CPU
		{E6E851FA-17DC-419D-825C-EB4B6AAA9E07}.ReleaseNuget|x86.ActiveCfg = Release|Any CPU
		{E6E851FA-17DC-419D-825C-EB4B6AAA9E07}.ReleaseNuget|x86.Build.0 = Release|Any CPU
		{41141F54-363A-4A18-A24B-A47C937C6A7E}.Debug|Any CPU.ActiveCfg = Debug|x64
		{41141F54-363A-4A18-A24B-A47C937C6A7E}.Debug|Any CPU.Build.0 = Debug|x64
		{41141F54-363A-4A18-A24B-A47C937C6A7E}.Debug|linux64.ActiveCfg = Debug|x86
		{41141F54-363A-4A18-A24B-A47C937C6A7E}.Debug|x64.ActiveCfg = Debug|x64
		{41141F54-363A-4A18-A24B-A47C937C6A7E}.Debug|x64.Build.0 = Debug|x64
		{41141F54-363A-4A18-A24B-A47C937C6A7E}.Debug|x86.ActiveCfg = Debug|x86
		{41141F54-363A-4A18-A24B-A47C937C6A7E}.Debug|x86.Build.0 = Debug|x86
		{41141F54-363A-4A18-A24B-A47C937C6A7E}.Release|Any CPU.ActiveCfg = Release|x86
		{41141F54-363A-4A18-A24B-A47C937C6A7E}.Release|linux64.ActiveCfg = Release|x86
		{41141F54-363A-4A18-A24B-A47C937C6A7E}.Release|x64.ActiveCfg = Release|x64
		{41141F54-363A-4A18-A24B-A47C937C6A7E}.Release|x64.Build.0 = Release|x64
		{41141F54-363A-4A18-A24B-A47C937C6A7E}.Release|x86.ActiveCfg = Release|x86
		{41141F54-363A-4A18-A24B-A47C937C6A7E}.Release|x86.Build.0 = Release|x86
		{41141F54-363A-4A18-A24B-A47C937C6A7E}.ReleaseNuget|Any CPU.ActiveCfg = Debug|x86
		{41141F54-363A-4A18-A24B-A47C937C6A7E}.ReleaseNuget|Any CPU.Build.0 = Debug|x86
		{41141F54-363A-4A18-A24B-A47C937C6A7E}.ReleaseNuget|linux64.ActiveCfg = Debug|x86
		{41141F54-363A-4A18-A24B-A47C937C6A7E}.ReleaseNuget|linux64.Build.0 = Debug|x86
		{41141F54-363A-4A18-A24B-A47C937C6A7E}.ReleaseNuget|x64.ActiveCfg = Release|x64
		{41141F54-363A-4A18-A24B-A47C937C6A7E}.ReleaseNuget|x64.Build.0 = Release|x64
		{41141F54-363A-4A18-A24B-A47C937C6A7E}.ReleaseNuget|x86.ActiveCfg = Release|x86
		{41141F54-363A-4A18-A24B-A47C937C6A7E}.ReleaseNuget|x86.Build.0 = Release|x86
	EndGlobalSection
	GlobalSection(SolutionProperties) = preSolution
		HideSolutionNode = FALSE
	EndGlobalSection
	GlobalSection(NestedProjects) = preSolution
		{FFE25C8B-6378-47D6-ABEC-74FF9064AD95} = {3A316055-4B0B-442C-9FDB-846494C58E8D}
		{3D5AEC0B-FA56-4442-999A-9EEE9934B671} = {23E9E063-53D3-4618-BD7A-FAFB67256B61}
		{0C03E3B8-3A2D-4BE1-BB14-1D09B4FA1C82} = {23E9E063-53D3-4618-BD7A-FAFB67256B61}
		{45C17364-7208-4729-B2F2-4866CD62F1BD} = {3A316055-4B0B-442C-9FDB-846494C58E8D}
		{2D9A8574-2C5A-4D95-AAED-1266845B46ED} = {3A316055-4B0B-442C-9FDB-846494C58E8D}
	EndGlobalSection
	GlobalSection(ExtensibilityGlobals) = postSolution
		SolutionGuid = {521EC2DF-FBE1-4295-A090-66B8CB009B0B}
	EndGlobalSection
EndGlobal
