
Microsoft Visual Studio Solution File, Format Version 12.00
# Visual Studio 15
VisualStudioVersion = 15.0.27428.1
MinimumVisualStudioVersion = 10.0.40219.1
Project("{BBD0F5D1-1CC4-42FD-BA4C-A96779C64378}") = "HarmonyCore", "HarmonyCore\HarmonyCore.synproj", "{250C70BC-FB74-4F9E-B281-4C11126983B2}"
EndProject
Project("{BBD0F5D1-1CC4-42FD-BA4C-A96779C64378}") = "HarmonyCore.Test", "HarmonyCore.Test\HarmonyCore.Test.synproj", "{0EA95DC2-D70F-45C3-AA29-42AD98F245F4}"
EndProject
Project("{BBD0F5D1-1CC4-42FD-BA4C-A96779C64378}") = "HarmonyCore.Test.Repository", "HarmonyCore.Test.Repository\HarmonyCore.Test.Repository.synproj", "{53AA5B85-6883-416D-9B52-BF754BE2D168}"
EndProject
Project("{9A19103F-16F7-4668-BE54-9A1E7A4F7556}") = "HarmonyCoreEF", "HarmonyCoreEF\HarmonyCoreEF.csproj", "{44EF405F-6562-4542-AFF6-0E4DE1A7876B}"
EndProject
Project("{BBD0F5D1-1CC4-42FD-BA4C-A96779C64378}") = "TraditionalBridge", "TraditionalBridge\TraditionalBridge.synproj", "{E4BE1BB4-6303-4270-B81A-38E1C356B50A}"
EndProject
Project("{BBD0F5D1-1CC4-42FD-BA4C-A96779C64378}") = "TraditionalBridge.Test", "TraditionalBridge.Test\TraditionalBridge.Test.synproj", "{11F177F9-B8D9-431B-AA6D-887E3BD33B17}"
EndProject
Project("{BBD0F5D1-1CC4-42FD-BA4C-A96779C64378}") = "Harmony.AspNetCore", "Harmony.AspNetCore\Harmony.AspNetCore.synproj", "{03296A21-E11B-4DFA-85D4-A39E7BC6A737}"
EndProject
Project("{BBD0F5D1-1CC4-42FD-BA4C-A96779C64378}") = "HarmonyCore.NetFx", "HarmonyCore.NetFx\HarmonyCore.NetFx.synproj", "{A24B88BE-9576-43AF-8E28-A2C29216A083}"
EndProject
Project("{BBD0F5D1-1CC4-42FD-BA4C-A96779C64378}") = "HarmonyCore.Security", "HarmonyCore.Security\HarmonyCore.Security.synproj", "{34A92B99-E384-4C0E-B003-097B4FE04E61}"
EndProject
Project("{2150E333-8FDC-42A3-9474-1A3956D46DE8}") = "Templates", "Templates", "{3A316055-4B0B-442C-9FDB-846494C58E8D}"
	ProjectSection(SolutionItems) = preProject
		Templates\DataObject.tpl = Templates\DataObject.tpl
		Templates\DataObjectMetaData.tpl = Templates\DataObjectMetaData.tpl
		Templates\ODataController.tpl = Templates\ODataController.tpl
		Templates\ODataDbContext.tpl = Templates\ODataDbContext.tpl
		Templates\ODataEdmBuilder.tpl = Templates\ODataEdmBuilder.tpl
		Templates\ODataModel.tpl = Templates\ODataModel.tpl
		Templates\ODataPostManTests.tpl = Templates\ODataPostManTests.tpl
		Templates\ODataStartup.tpl = Templates\ODataStartup.tpl
		Templates\ODataTestEnvironment.tpl = Templates\ODataTestEnvironment.tpl
		Templates\ODataUnitTestEnvironment.tpl = Templates\ODataUnitTestEnvironment.tpl
		Templates\ODataUnitTests.tpl = Templates\ODataUnitTests.tpl
	EndProjectSection
EndProject
Project("{BBD0F5D1-1CC4-42FD-BA4C-A96779C64378}") = "SampleServices", "SampleServices\SampleServices.synproj", "{24A1BBFD-2660-41E1-A4FC-90B7A13A4911}"
EndProject
Project("{2150E333-8FDC-42A3-9474-1A3956D46DE8}") = "Solution Items", "Solution Items", "{ECDB0DFD-8865-4EEE-8256-025E04896880}"
	ProjectSection(SolutionItems) = preProject
		ExampleJsonResponse.txt = ExampleJsonResponse.txt
		HarmonyCoreSampleTests.postman_collection.json = HarmonyCoreSampleTests.postman_collection.json
		regen.bat = regen.bat
	EndProjectSection
EndProject
Project("{BBD0F5D1-1CC4-42FD-BA4C-A96779C64378}") = "SampleServices.Test", "SampleServices.Test\SampleServices.Test.synproj", "{0B8D5276-8628-42D9-848E-421C0A0D81DF}"
EndProject
Project("{2150E333-8FDC-42A3-9474-1A3956D46DE8}") = "SampleData", "SampleData", "{9977F09E-C08B-4E4C-900A-B06D532469AF}"
	ProjectSection(SolutionItems) = preProject
		SampleData\customer.txt = SampleData\customer.txt
		SampleData\customer.xdl = SampleData\customer.xdl
		SampleData\orders.txt = SampleData\orders.txt
		SampleData\orders.xdl = SampleData\orders.xdl
		SampleData\plants.txt = SampleData\plants.txt
		SampleData\plants.xdl = SampleData\plants.xdl
	EndProjectSection
EndProject
Project("{2150E333-8FDC-42A3-9474-1A3956D46DE8}") = "TraditionalBridge", "TraditionalBridge", "{FFE25C8B-6378-47D6-ABEC-74FF9064AD95}"
	ProjectSection(SolutionItems) = preProject
		Templates\TraditionalBridge\DataObject.tpl = Templates\TraditionalBridge\DataObject.tpl
		Templates\TraditionalBridge\DataObjectMetaData.tpl = Templates\TraditionalBridge\DataObjectMetaData.tpl
		Templates\TraditionalBridge\Dispatcher.tpl = Templates\TraditionalBridge\Dispatcher.tpl
		Templates\TraditionalBridge\DispatcherData.tpl = Templates\TraditionalBridge\DispatcherData.tpl
		Templates\TraditionalBridge\MethodDispatchers.tpl = Templates\TraditionalBridge\MethodDispatchers.tpl
	EndProjectSection
EndProject
Project("{BBD0F5D1-1CC4-42FD-BA4C-A96779C64378}") = "SampleXfplEnvironment", "SampleXfplEnvironment\SampleXfplEnvironment.synproj", "{FCF497B3-DE91-4C1E-8E7F-BE4151CC8119}"
EndProject
Project("{2150E333-8FDC-42A3-9474-1A3956D46DE8}") = "Documentation", "Documentation", "{23E9E063-53D3-4618-BD7A-FAFB67256B61}"
	ProjectSection(SolutionItems) = preProject
		Documentation\Contexts.md = Documentation\Contexts.md
		Documentation\Converters.md = Documentation\Converters.md
		Documentation\DataObject.md = Documentation\DataObject.md
		Documentation\DependencyInjection.md = Documentation\DependencyInjection.md
		Documentation\DynamicCallProtocol.md = Documentation\DynamicCallProtocol.md
		Documentation\EntityFramework.md = Documentation\EntityFramework.md
		Documentation\FileIO.md = Documentation\FileIO.md
		Documentation\Logging.md = Documentation\Logging.md
		Documentation\OptimisticConcurrency.md = Documentation\OptimisticConcurrency.md
		Documentation\Overview.md = Documentation\Overview.md
	EndProjectSection
EndProject
Project("{2150E333-8FDC-42A3-9474-1A3956D46DE8}") = "QuickStart", "QuickStart", "{3D5AEC0B-FA56-4442-999A-9EEE9934B671}"
	ProjectSection(SolutionItems) = preProject
		Documentation\QuickStart\CustomFileIO.md = Documentation\QuickStart\CustomFileIO.md
		Documentation\QuickStart\EFCoreForTransactions.md = Documentation\QuickStart\EFCoreForTransactions.md
		Documentation\QuickStart\ODataWithIsolatedLogic.md = Documentation\QuickStart\ODataWithIsolatedLogic.md
		Documentation\QuickStart\ODataWithTraditionalSynergyLogic.md = Documentation\QuickStart\ODataWithTraditionalSynergyLogic.md
		Documentation\QuickStart\ODataWithXfServer.md = Documentation\QuickStart\ODataWithXfServer.md
		Documentation\QuickStart\SimpleOData.md = Documentation\QuickStart\SimpleOData.md
	EndProjectSection
EndProject
Project("{2150E333-8FDC-42A3-9474-1A3956D46DE8}") = "Reference", "Reference", "{0C03E3B8-3A2D-4BE1-BB14-1D09B4FA1C82}"
	ProjectSection(SolutionItems) = preProject
		Documentation\Reference\FreeThreadedContextPool.md = Documentation\Reference\FreeThreadedContextPool.md
		Documentation\Reference\IContextBase.md = Documentation\Reference\IContextBase.md
		Documentation\Reference\IFileChannelManager.md = Documentation\Reference\IFileChannelManager.md
		Documentation\Reference\ThreadedContextPool.md = Documentation\Reference\ThreadedContextPool.md
	EndProjectSection
EndProject
Global
	GlobalSection(SolutionConfigurationPlatforms) = preSolution
		Debug|Any CPU = Debug|Any CPU
		Debug|x64 = Debug|x64
		Debug|x86 = Debug|x86
		Release|Any CPU = Release|Any CPU
		Release|x64 = Release|x64
		Release|x86 = Release|x86
	EndGlobalSection
	GlobalSection(ProjectConfigurationPlatforms) = postSolution
		{250C70BC-FB74-4F9E-B281-4C11126983B2}.Debug|Any CPU.ActiveCfg = Debug|Any CPU
		{250C70BC-FB74-4F9E-B281-4C11126983B2}.Debug|Any CPU.Build.0 = Debug|Any CPU
		{250C70BC-FB74-4F9E-B281-4C11126983B2}.Debug|x64.ActiveCfg = Debug|x64
		{250C70BC-FB74-4F9E-B281-4C11126983B2}.Debug|x64.Build.0 = Debug|x64
		{250C70BC-FB74-4F9E-B281-4C11126983B2}.Debug|x86.ActiveCfg = Debug|x86
		{250C70BC-FB74-4F9E-B281-4C11126983B2}.Debug|x86.Build.0 = Debug|x86
		{250C70BC-FB74-4F9E-B281-4C11126983B2}.Release|Any CPU.ActiveCfg = Release|Any CPU
		{250C70BC-FB74-4F9E-B281-4C11126983B2}.Release|Any CPU.Build.0 = Release|Any CPU
		{250C70BC-FB74-4F9E-B281-4C11126983B2}.Release|x64.ActiveCfg = Release|x64
		{250C70BC-FB74-4F9E-B281-4C11126983B2}.Release|x64.Build.0 = Release|x64
		{250C70BC-FB74-4F9E-B281-4C11126983B2}.Release|x86.ActiveCfg = Release|x86
		{250C70BC-FB74-4F9E-B281-4C11126983B2}.Release|x86.Build.0 = Release|x86
		{0EA95DC2-D70F-45C3-AA29-42AD98F245F4}.Debug|Any CPU.ActiveCfg = Debug|Any CPU
		{0EA95DC2-D70F-45C3-AA29-42AD98F245F4}.Debug|Any CPU.Build.0 = Debug|Any CPU
		{0EA95DC2-D70F-45C3-AA29-42AD98F245F4}.Debug|x64.ActiveCfg = Debug|x64
		{0EA95DC2-D70F-45C3-AA29-42AD98F245F4}.Debug|x64.Build.0 = Debug|x64
		{0EA95DC2-D70F-45C3-AA29-42AD98F245F4}.Debug|x86.ActiveCfg = Debug|x86
		{0EA95DC2-D70F-45C3-AA29-42AD98F245F4}.Debug|x86.Build.0 = Debug|x86
		{0EA95DC2-D70F-45C3-AA29-42AD98F245F4}.Release|Any CPU.ActiveCfg = Release|Any CPU
		{0EA95DC2-D70F-45C3-AA29-42AD98F245F4}.Release|Any CPU.Build.0 = Release|Any CPU
		{0EA95DC2-D70F-45C3-AA29-42AD98F245F4}.Release|x64.ActiveCfg = Release|x64
		{0EA95DC2-D70F-45C3-AA29-42AD98F245F4}.Release|x64.Build.0 = Release|x64
		{0EA95DC2-D70F-45C3-AA29-42AD98F245F4}.Release|x86.ActiveCfg = Release|x86
		{0EA95DC2-D70F-45C3-AA29-42AD98F245F4}.Release|x86.Build.0 = Release|x86
		{53AA5B85-6883-416D-9B52-BF754BE2D168}.Debug|Any CPU.ActiveCfg = Debug|Any CPU
		{53AA5B85-6883-416D-9B52-BF754BE2D168}.Debug|Any CPU.Build.0 = Debug|Any CPU
		{53AA5B85-6883-416D-9B52-BF754BE2D168}.Debug|x64.ActiveCfg = Debug|Any CPU
		{53AA5B85-6883-416D-9B52-BF754BE2D168}.Debug|x64.Build.0 = Debug|Any CPU
		{53AA5B85-6883-416D-9B52-BF754BE2D168}.Debug|x86.ActiveCfg = Debug|Any CPU
		{53AA5B85-6883-416D-9B52-BF754BE2D168}.Debug|x86.Build.0 = Debug|Any CPU
		{53AA5B85-6883-416D-9B52-BF754BE2D168}.Release|Any CPU.ActiveCfg = Release|Any CPU
		{53AA5B85-6883-416D-9B52-BF754BE2D168}.Release|Any CPU.Build.0 = Release|Any CPU
		{53AA5B85-6883-416D-9B52-BF754BE2D168}.Release|x64.ActiveCfg = Release|Any CPU
		{53AA5B85-6883-416D-9B52-BF754BE2D168}.Release|x64.Build.0 = Release|Any CPU
		{53AA5B85-6883-416D-9B52-BF754BE2D168}.Release|x86.ActiveCfg = Release|Any CPU
		{53AA5B85-6883-416D-9B52-BF754BE2D168}.Release|x86.Build.0 = Release|Any CPU
		{44EF405F-6562-4542-AFF6-0E4DE1A7876B}.Debug|Any CPU.ActiveCfg = Debug|Any CPU
		{44EF405F-6562-4542-AFF6-0E4DE1A7876B}.Debug|Any CPU.Build.0 = Debug|Any CPU
		{44EF405F-6562-4542-AFF6-0E4DE1A7876B}.Debug|x64.ActiveCfg = Debug|Any CPU
		{44EF405F-6562-4542-AFF6-0E4DE1A7876B}.Debug|x64.Build.0 = Debug|Any CPU
		{44EF405F-6562-4542-AFF6-0E4DE1A7876B}.Debug|x86.ActiveCfg = Debug|Any CPU
		{44EF405F-6562-4542-AFF6-0E4DE1A7876B}.Debug|x86.Build.0 = Debug|Any CPU
		{44EF405F-6562-4542-AFF6-0E4DE1A7876B}.Release|Any CPU.ActiveCfg = Release|Any CPU
		{44EF405F-6562-4542-AFF6-0E4DE1A7876B}.Release|Any CPU.Build.0 = Release|Any CPU
		{44EF405F-6562-4542-AFF6-0E4DE1A7876B}.Release|x64.ActiveCfg = Release|Any CPU
		{44EF405F-6562-4542-AFF6-0E4DE1A7876B}.Release|x64.Build.0 = Release|Any CPU
		{44EF405F-6562-4542-AFF6-0E4DE1A7876B}.Release|x86.ActiveCfg = Release|Any CPU
		{44EF405F-6562-4542-AFF6-0E4DE1A7876B}.Release|x86.Build.0 = Release|Any CPU
		{E4BE1BB4-6303-4270-B81A-38E1C356B50A}.Debug|Any CPU.ActiveCfg = Debug|x86
		{E4BE1BB4-6303-4270-B81A-38E1C356B50A}.Debug|x64.ActiveCfg = Debug|x64
		{E4BE1BB4-6303-4270-B81A-38E1C356B50A}.Debug|x64.Build.0 = Debug|x64
		{E4BE1BB4-6303-4270-B81A-38E1C356B50A}.Debug|x86.ActiveCfg = Debug|x86
		{E4BE1BB4-6303-4270-B81A-38E1C356B50A}.Debug|x86.Build.0 = Debug|x86
		{E4BE1BB4-6303-4270-B81A-38E1C356B50A}.Release|Any CPU.ActiveCfg = Release|x86
		{E4BE1BB4-6303-4270-B81A-38E1C356B50A}.Release|x64.ActiveCfg = Release|x64
		{E4BE1BB4-6303-4270-B81A-38E1C356B50A}.Release|x64.Build.0 = Release|x64
		{E4BE1BB4-6303-4270-B81A-38E1C356B50A}.Release|x86.ActiveCfg = Release|x86
		{E4BE1BB4-6303-4270-B81A-38E1C356B50A}.Release|x86.Build.0 = Release|x86
		{11F177F9-B8D9-431B-AA6D-887E3BD33B17}.Debug|Any CPU.ActiveCfg = Debug|x86
		{11F177F9-B8D9-431B-AA6D-887E3BD33B17}.Debug|x64.ActiveCfg = Debug|x64
		{11F177F9-B8D9-431B-AA6D-887E3BD33B17}.Debug|x64.Build.0 = Debug|x64
		{11F177F9-B8D9-431B-AA6D-887E3BD33B17}.Debug|x86.ActiveCfg = Debug|x86
		{11F177F9-B8D9-431B-AA6D-887E3BD33B17}.Debug|x86.Build.0 = Debug|x86
		{11F177F9-B8D9-431B-AA6D-887E3BD33B17}.Release|Any CPU.ActiveCfg = Release|x86
		{11F177F9-B8D9-431B-AA6D-887E3BD33B17}.Release|x64.ActiveCfg = Release|x64
		{11F177F9-B8D9-431B-AA6D-887E3BD33B17}.Release|x64.Build.0 = Release|x64
		{11F177F9-B8D9-431B-AA6D-887E3BD33B17}.Release|x86.ActiveCfg = Release|x86
		{11F177F9-B8D9-431B-AA6D-887E3BD33B17}.Release|x86.Build.0 = Release|x86
		{03296A21-E11B-4DFA-85D4-A39E7BC6A737}.Debug|Any CPU.ActiveCfg = Debug|Any CPU
		{03296A21-E11B-4DFA-85D4-A39E7BC6A737}.Debug|Any CPU.Build.0 = Debug|Any CPU
		{03296A21-E11B-4DFA-85D4-A39E7BC6A737}.Debug|x64.ActiveCfg = Debug|Any CPU
		{03296A21-E11B-4DFA-85D4-A39E7BC6A737}.Debug|x64.Build.0 = Debug|Any CPU
		{03296A21-E11B-4DFA-85D4-A39E7BC6A737}.Debug|x86.ActiveCfg = Debug|Any CPU
		{03296A21-E11B-4DFA-85D4-A39E7BC6A737}.Debug|x86.Build.0 = Debug|Any CPU
		{03296A21-E11B-4DFA-85D4-A39E7BC6A737}.Release|Any CPU.ActiveCfg = Release|Any CPU
		{03296A21-E11B-4DFA-85D4-A39E7BC6A737}.Release|Any CPU.Build.0 = Release|Any CPU
		{03296A21-E11B-4DFA-85D4-A39E7BC6A737}.Release|x64.ActiveCfg = Release|Any CPU
		{03296A21-E11B-4DFA-85D4-A39E7BC6A737}.Release|x64.Build.0 = Release|Any CPU
		{03296A21-E11B-4DFA-85D4-A39E7BC6A737}.Release|x86.ActiveCfg = Release|Any CPU
		{03296A21-E11B-4DFA-85D4-A39E7BC6A737}.Release|x86.Build.0 = Release|Any CPU
		{A24B88BE-9576-43AF-8E28-A2C29216A083}.Debug|Any CPU.ActiveCfg = Debug|Any CPU
		{A24B88BE-9576-43AF-8E28-A2C29216A083}.Debug|Any CPU.Build.0 = Debug|Any CPU
		{A24B88BE-9576-43AF-8E28-A2C29216A083}.Debug|x64.ActiveCfg = Debug|Any CPU
		{A24B88BE-9576-43AF-8E28-A2C29216A083}.Debug|x64.Build.0 = Debug|Any CPU
		{A24B88BE-9576-43AF-8E28-A2C29216A083}.Debug|x86.ActiveCfg = Debug|Any CPU
		{A24B88BE-9576-43AF-8E28-A2C29216A083}.Debug|x86.Build.0 = Debug|Any CPU
		{A24B88BE-9576-43AF-8E28-A2C29216A083}.Release|Any CPU.ActiveCfg = Release|Any CPU
		{A24B88BE-9576-43AF-8E28-A2C29216A083}.Release|Any CPU.Build.0 = Release|Any CPU
		{A24B88BE-9576-43AF-8E28-A2C29216A083}.Release|x64.ActiveCfg = Release|Any CPU
		{A24B88BE-9576-43AF-8E28-A2C29216A083}.Release|x64.Build.0 = Release|Any CPU
		{A24B88BE-9576-43AF-8E28-A2C29216A083}.Release|x86.ActiveCfg = Release|Any CPU
		{A24B88BE-9576-43AF-8E28-A2C29216A083}.Release|x86.Build.0 = Release|Any CPU
		{34A92B99-E384-4C0E-B003-097B4FE04E61}.Debug|Any CPU.ActiveCfg = Debug|Any CPU
		{34A92B99-E384-4C0E-B003-097B4FE04E61}.Debug|Any CPU.Build.0 = Debug|Any CPU
		{34A92B99-E384-4C0E-B003-097B4FE04E61}.Debug|x64.ActiveCfg = Debug|Any CPU
		{34A92B99-E384-4C0E-B003-097B4FE04E61}.Debug|x64.Build.0 = Debug|Any CPU
		{34A92B99-E384-4C0E-B003-097B4FE04E61}.Debug|x86.ActiveCfg = Debug|Any CPU
		{34A92B99-E384-4C0E-B003-097B4FE04E61}.Debug|x86.Build.0 = Debug|Any CPU
		{34A92B99-E384-4C0E-B003-097B4FE04E61}.Release|Any CPU.ActiveCfg = Release|Any CPU
		{34A92B99-E384-4C0E-B003-097B4FE04E61}.Release|Any CPU.Build.0 = Release|Any CPU
		{34A92B99-E384-4C0E-B003-097B4FE04E61}.Release|x64.ActiveCfg = Release|Any CPU
		{34A92B99-E384-4C0E-B003-097B4FE04E61}.Release|x64.Build.0 = Release|Any CPU
		{34A92B99-E384-4C0E-B003-097B4FE04E61}.Release|x86.ActiveCfg = Release|Any CPU
		{34A92B99-E384-4C0E-B003-097B4FE04E61}.Release|x86.Build.0 = Release|Any CPU
		{24A1BBFD-2660-41E1-A4FC-90B7A13A4911}.Debug|Any CPU.ActiveCfg = Debug|Any CPU
		{24A1BBFD-2660-41E1-A4FC-90B7A13A4911}.Debug|Any CPU.Build.0 = Debug|Any CPU
		{24A1BBFD-2660-41E1-A4FC-90B7A13A4911}.Debug|x64.ActiveCfg = Debug|Any CPU
		{24A1BBFD-2660-41E1-A4FC-90B7A13A4911}.Debug|x64.Build.0 = Debug|Any CPU
		{24A1BBFD-2660-41E1-A4FC-90B7A13A4911}.Debug|x86.ActiveCfg = Debug|Any CPU
		{24A1BBFD-2660-41E1-A4FC-90B7A13A4911}.Debug|x86.Build.0 = Debug|Any CPU
		{24A1BBFD-2660-41E1-A4FC-90B7A13A4911}.Release|Any CPU.ActiveCfg = Release|Any CPU
		{24A1BBFD-2660-41E1-A4FC-90B7A13A4911}.Release|Any CPU.Build.0 = Release|Any CPU
		{24A1BBFD-2660-41E1-A4FC-90B7A13A4911}.Release|x64.ActiveCfg = Release|Any CPU
		{24A1BBFD-2660-41E1-A4FC-90B7A13A4911}.Release|x64.Build.0 = Release|Any CPU
		{24A1BBFD-2660-41E1-A4FC-90B7A13A4911}.Release|x86.ActiveCfg = Release|Any CPU
		{24A1BBFD-2660-41E1-A4FC-90B7A13A4911}.Release|x86.Build.0 = Release|Any CPU
		{0B8D5276-8628-42D9-848E-421C0A0D81DF}.Debug|Any CPU.ActiveCfg = Debug|x86
		{0B8D5276-8628-42D9-848E-421C0A0D81DF}.Debug|Any CPU.Build.0 = Debug|x86
		{0B8D5276-8628-42D9-848E-421C0A0D81DF}.Debug|x64.ActiveCfg = Debug|Any CPU
		{0B8D5276-8628-42D9-848E-421C0A0D81DF}.Debug|x64.Build.0 = Debug|Any CPU
		{0B8D5276-8628-42D9-848E-421C0A0D81DF}.Debug|x86.ActiveCfg = Debug|x86
		{0B8D5276-8628-42D9-848E-421C0A0D81DF}.Debug|x86.Build.0 = Debug|x86
		{0B8D5276-8628-42D9-848E-421C0A0D81DF}.Release|Any CPU.ActiveCfg = Release|Any CPU
		{0B8D5276-8628-42D9-848E-421C0A0D81DF}.Release|Any CPU.Build.0 = Release|Any CPU
		{0B8D5276-8628-42D9-848E-421C0A0D81DF}.Release|x64.ActiveCfg = Release|Any CPU
		{0B8D5276-8628-42D9-848E-421C0A0D81DF}.Release|x64.Build.0 = Release|Any CPU
		{0B8D5276-8628-42D9-848E-421C0A0D81DF}.Release|x86.ActiveCfg = Release|Any CPU
		{0B8D5276-8628-42D9-848E-421C0A0D81DF}.Release|x86.Build.0 = Release|Any CPU
		{FCF497B3-DE91-4C1E-8E7F-BE4151CC8119}.Debug|Any CPU.ActiveCfg = Debug|x86
		{FCF497B3-DE91-4C1E-8E7F-BE4151CC8119}.Debug|x64.ActiveCfg = Debug|x64
		{FCF497B3-DE91-4C1E-8E7F-BE4151CC8119}.Debug|x64.Build.0 = Debug|x64
		{FCF497B3-DE91-4C1E-8E7F-BE4151CC8119}.Debug|x86.ActiveCfg = Debug|x86
		{FCF497B3-DE91-4C1E-8E7F-BE4151CC8119}.Debug|x86.Build.0 = Debug|x86
		{FCF497B3-DE91-4C1E-8E7F-BE4151CC8119}.Release|Any CPU.ActiveCfg = Release|x86
		{FCF497B3-DE91-4C1E-8E7F-BE4151CC8119}.Release|x64.ActiveCfg = Release|x64
		{FCF497B3-DE91-4C1E-8E7F-BE4151CC8119}.Release|x64.Build.0 = Release|x64
		{FCF497B3-DE91-4C1E-8E7F-BE4151CC8119}.Release|x86.ActiveCfg = Release|x86
		{FCF497B3-DE91-4C1E-8E7F-BE4151CC8119}.Release|x86.Build.0 = Release|x86
	EndGlobalSection
	GlobalSection(SolutionProperties) = preSolution
		HideSolutionNode = FALSE
	EndGlobalSection
	GlobalSection(NestedProjects) = preSolution
		{FFE25C8B-6378-47D6-ABEC-74FF9064AD95} = {3A316055-4B0B-442C-9FDB-846494C58E8D}
		{3D5AEC0B-FA56-4442-999A-9EEE9934B671} = {23E9E063-53D3-4618-BD7A-FAFB67256B61}
		{0C03E3B8-3A2D-4BE1-BB14-1D09B4FA1C82} = {23E9E063-53D3-4618-BD7A-FAFB67256B61}
	EndGlobalSection
	GlobalSection(ExtensibilityGlobals) = postSolution
		SolutionGuid = {521EC2DF-FBE1-4295-A090-66B8CB009B0B}
	EndGlobalSection
EndGlobal
